// !$*UTF8*$!
{
	archiveVersion = 1;
	classes = {
	};
	objectVersion = 46;
	objects = {

/* Begin PBXBuildFile section */
		BC262DC4165045D300E974AF /* TimeFormatter.m in Sources */ = {isa = PBXBuildFile; fileRef = BC262DC3165045D300E974AF /* TimeFormatter.m */; };
		BC357933162DC10600F1BFAE /* DSJSONRPC.m in Sources */ = {isa = PBXBuildFile; fileRef = BC35792E162DC10600F1BFAE /* DSJSONRPC.m */; };
		BC357934162DC10600F1BFAE /* DSJSONRPCError.m in Sources */ = {isa = PBXBuildFile; fileRef = BC357930162DC10600F1BFAE /* DSJSONRPCError.m */; };
		BC3AC5A8164BB83500794C05 /* SSKeychain.m in Sources */ = {isa = PBXBuildFile; fileRef = BC3AC596164BB83500794C05 /* SSKeychain.m */; };
		BC46C8E1163DDD8A00C9520D /* KimaiTimesheetRecord.m in Sources */ = {isa = PBXBuildFile; fileRef = BC46C8E0163DDD8A00C9520D /* KimaiTimesheetRecord.m */; };
		BC46C8EA163E8BFD00C9520D /* PFMoveApplication.m in Sources */ = {isa = PBXBuildFile; fileRef = BC46C8E9163E8BFD00C9520D /* PFMoveApplication.m */; settings = {COMPILER_FLAGS = "-fno-objc-arc"; }; };
		BC46C8ED163E8C5C00C9520D /* NSString+SymlinksAndAliases.m in Sources */ = {isa = PBXBuildFile; fileRef = BC46C8EC163E8C5C00C9520D /* NSString+SymlinksAndAliases.m */; settings = {COMPILER_FLAGS = "-fno-objc-arc"; }; };
		BC4B4D3A162DC467000AE55E /* JSONKit.m in Sources */ = {isa = PBXBuildFile; fileRef = BC4B4D37162DC467000AE55E /* JSONKit.m */; settings = {COMPILER_FLAGS = "-fno-objc-arc"; }; };
		BC6F4F8F163EE7C6000ACD96 /* KimaiUser.m in Sources */ = {isa = PBXBuildFile; fileRef = BC6F4F8E163EE7C6000ACD96 /* KimaiUser.m */; };
		BC6F4F9916411B5C000ACD96 /* Sparkle.framework in Frameworks */ = {isa = PBXBuildFile; fileRef = BC6F4F9816411B5C000ACD96 /* Sparkle.framework */; };
		BC6F4F9B16411BA2000ACD96 /* Sparkle.framework in CopyFiles */ = {isa = PBXBuildFile; fileRef = BC6F4F9816411B5C000ACD96 /* Sparkle.framework */; };
		BC6F4F9E164123BF000ACD96 /* dsa_pub.pem in Resources */ = {isa = PBXBuildFile; fileRef = BC6F4F9D164123BF000ACD96 /* dsa_pub.pem */; };
		BC87F09A16301FFA001BDF87 /* KimaiActiveRecording.m in Sources */ = {isa = PBXBuildFile; fileRef = BC87F09916301FFA001BDF87 /* KimaiActiveRecording.m */; };
		BC87F0A516304CD6001BDF87 /* Icon.icns in Resources */ = {isa = PBXBuildFile; fileRef = BC87F0A416304CD6001BDF87 /* Icon.icns */; };
		BC87F0DB16306DEB001BDF87 /* Security.framework in Frameworks */ = {isa = PBXBuildFile; fileRef = BC87F0DA16306DEB001BDF87 /* Security.framework */; };
		BC87F0F1163140FE001BDF87 /* RunningApplicationsController.m in Sources */ = {isa = PBXBuildFile; fileRef = BC87F0F0163140FE001BDF87 /* RunningApplicationsController.m */; };
		BC87F0FE163967F2001BDF87 /* CoreLocation.framework in Frameworks */ = {isa = PBXBuildFile; fileRef = BC87F0FD163967F2001BDF87 /* CoreLocation.framework */; };
		BC87F0FF163967F9001BDF87 /* CoreData.framework in Frameworks */ = {isa = PBXBuildFile; fileRef = BC928EE7162C3A8200685547 /* CoreData.framework */; };
		BC87F1021639683E001BDF87 /* KimaiLocationManager.m in Sources */ = {isa = PBXBuildFile; fileRef = BC87F1011639683E001BDF87 /* KimaiLocationManager.m */; };
		BC87F1771639767E001BDF87 /* KSReachability.m in Sources */ = {isa = PBXBuildFile; fileRef = BC87F1621639767E001BDF87 /* KSReachability.m */; };
		BC87F18616397A86001BDF87 /* SystemConfiguration.framework in Frameworks */ = {isa = PBXBuildFile; fileRef = BC87F18516397A85001BDF87 /* SystemConfiguration.framework */; };
		BC87F19C16398291001BDF87 /* CoreWLAN.framework in Frameworks */ = {isa = PBXBuildFile; fileRef = BC87F19B16398291001BDF87 /* CoreWLAN.framework */; };
		BC928EE4162C3A8200685547 /* Cocoa.framework in Frameworks */ = {isa = PBXBuildFile; fileRef = BC928EE3162C3A8200685547 /* Cocoa.framework */; };
		BC928EEE162C3A8200685547 /* InfoPlist.strings in Resources */ = {isa = PBXBuildFile; fileRef = BC928EEC162C3A8200685547 /* InfoPlist.strings */; };
		BC928EF0162C3A8200685547 /* main.m in Sources */ = {isa = PBXBuildFile; fileRef = BC928EEF162C3A8200685547 /* main.m */; };
		BC928EF4162C3A8200685547 /* Credits.rtf in Resources */ = {isa = PBXBuildFile; fileRef = BC928EF2162C3A8200685547 /* Credits.rtf */; };
		BC928EF7162C3A8200685547 /* AppDelegate.m in Sources */ = {isa = PBXBuildFile; fileRef = BC928EF6162C3A8200685547 /* AppDelegate.m */; };
		BC928EFA162C3A8200685547 /* MainMenu.xib in Resources */ = {isa = PBXBuildFile; fileRef = BC928EF8162C3A8200685547 /* MainMenu.xib */; };
		BC928EFD162C3A8200685547 /* kimai.xcdatamodeld in Sources */ = {isa = PBXBuildFile; fileRef = BC928EFB162C3A8200685547 /* kimai.xcdatamodeld */; };
		BC928F27162C3BA500685547 /* smart-icon-selected.png in Resources */ = {isa = PBXBuildFile; fileRef = BC928F23162C3BA500685547 /* smart-icon-selected.png */; };
		BC928F28162C3BA500685547 /* smart-icon.png in Resources */ = {isa = PBXBuildFile; fileRef = BC928F24162C3BA500685547 /* smart-icon.png */; };
		BC928F29162C3BA500685547 /* StatusItemView.m in Sources */ = {isa = PBXBuildFile; fileRef = BC928F26162C3BA500685547 /* StatusItemView.m */; };
		BC928F32162C3FCB00685547 /* WebKit.framework in Frameworks */ = {isa = PBXBuildFile; fileRef = BC928F31162C3FCB00685547 /* WebKit.framework */; };
		BC9815D4162F1B7B00886EBC /* Kimai.m in Sources */ = {isa = PBXBuildFile; fileRef = BC9815D1162F1B7B00886EBC /* Kimai.m */; };
		BC9815D5162F1B7B00886EBC /* KimaiProject.m in Sources */ = {isa = PBXBuildFile; fileRef = BC9815D3162F1B7B00886EBC /* KimaiProject.m */; };
		BC9815D8162F228B00886EBC /* KimaiObject.m in Sources */ = {isa = PBXBuildFile; fileRef = BC9815D7162F228B00886EBC /* KimaiObject.m */; };
		BC9815DB162F22C100886EBC /* KimaiTask.m in Sources */ = {isa = PBXBuildFile; fileRef = BC9815DA162F22C000886EBC /* KimaiTask.m */; };
		BCA2A5581641799E005F4C6C /* StartAtLoginController.m in Sources */ = {isa = PBXBuildFile; fileRef = BCA2A5551641799E005F4C6C /* StartAtLoginController.m */; };
		BCA2A55B164179E1005F4C6C /* ServiceManagement.framework in Frameworks */ = {isa = PBXBuildFile; fileRef = BCA2A55A164179E1005F4C6C /* ServiceManagement.framework */; };
		BCA2A56716417BB3005F4C6C /* Cocoa.framework in Frameworks */ = {isa = PBXBuildFile; fileRef = BC928EE3162C3A8200685547 /* Cocoa.framework */; };
		BCA2A57116417BB3005F4C6C /* InfoPlist.strings in Resources */ = {isa = PBXBuildFile; fileRef = BCA2A56F16417BB3005F4C6C /* InfoPlist.strings */; };
		BCA2A57316417BB3005F4C6C /* main.m in Sources */ = {isa = PBXBuildFile; fileRef = BCA2A57216417BB3005F4C6C /* main.m */; };
		BCA2A57A16417BB3005F4C6C /* AppDelegate.m in Sources */ = {isa = PBXBuildFile; fileRef = BCA2A57916417BB3005F4C6C /* AppDelegate.m */; };
		BCA2A57D16417BB3005F4C6C /* MainMenu.xib in Resources */ = {isa = PBXBuildFile; fileRef = BCA2A57B16417BB3005F4C6C /* MainMenu.xib */; };
		BCA2A58216417BF6005F4C6C /* KimaiLoginHelper.app in CopyFiles */ = {isa = PBXBuildFile; fileRef = BCA2A56516417BB3005F4C6C /* KimaiLoginHelper.app */; };
/* End PBXBuildFile section */

/* Begin PBXCopyFilesBuildPhase section */
		BC6F4F9A16411B97000ACD96 /* CopyFiles */ = {
			isa = PBXCopyFilesBuildPhase;
			buildActionMask = 2147483647;
			dstPath = "";
			dstSubfolderSpec = 10;
			files = (
				BC6F4F9B16411BA2000ACD96 /* Sparkle.framework in CopyFiles */,
			);
			runOnlyForDeploymentPostprocessing = 0;
		};
		BCA2A58116417BCC005F4C6C /* CopyFiles */ = {
			isa = PBXCopyFilesBuildPhase;
			buildActionMask = 2147483647;
			dstPath = Contents/Library/LoginItems;
			dstSubfolderSpec = 1;
			files = (
				BCA2A58216417BF6005F4C6C /* KimaiLoginHelper.app in CopyFiles */,
			);
			runOnlyForDeploymentPostprocessing = 0;
		};
/* End PBXCopyFilesBuildPhase section */

/* Begin PBXFileReference section */
		BC262DC2165045D300E974AF /* TimeFormatter.h */ = {isa = PBXFileReference; fileEncoding = 4; lastKnownFileType = sourcecode.c.h; path = TimeFormatter.h; sourceTree = "<group>"; };
		BC262DC3165045D300E974AF /* TimeFormatter.m */ = {isa = PBXFileReference; fileEncoding = 4; lastKnownFileType = sourcecode.c.objc; path = TimeFormatter.m; sourceTree = "<group>"; };
		BC35792C162DC10600F1BFAE /* DSARCHelpers.h */ = {isa = PBXFileReference; fileEncoding = 4; lastKnownFileType = sourcecode.c.h; path = DSARCHelpers.h; sourceTree = "<group>"; };
		BC35792D162DC10600F1BFAE /* DSJSONRPC.h */ = {isa = PBXFileReference; fileEncoding = 4; lastKnownFileType = sourcecode.c.h; path = DSJSONRPC.h; sourceTree = "<group>"; };
		BC35792E162DC10600F1BFAE /* DSJSONRPC.m */ = {isa = PBXFileReference; fileEncoding = 4; lastKnownFileType = sourcecode.c.objc; path = DSJSONRPC.m; sourceTree = "<group>"; };
		BC35792F162DC10600F1BFAE /* DSJSONRPCError.h */ = {isa = PBXFileReference; fileEncoding = 4; lastKnownFileType = sourcecode.c.h; path = DSJSONRPCError.h; sourceTree = "<group>"; };
		BC357930162DC10600F1BFAE /* DSJSONRPCError.m */ = {isa = PBXFileReference; fileEncoding = 4; lastKnownFileType = sourcecode.c.objc; path = DSJSONRPCError.m; sourceTree = "<group>"; };
		BC3AC595164BB83500794C05 /* SSKeychain.h */ = {isa = PBXFileReference; fileEncoding = 4; lastKnownFileType = sourcecode.c.h; path = SSKeychain.h; sourceTree = "<group>"; };
		BC3AC596164BB83500794C05 /* SSKeychain.m */ = {isa = PBXFileReference; fileEncoding = 4; lastKnownFileType = sourcecode.c.objc; path = SSKeychain.m; sourceTree = "<group>"; };
		BC46C8DF163DDD8A00C9520D /* KimaiTimesheetRecord.h */ = {isa = PBXFileReference; fileEncoding = 4; lastKnownFileType = sourcecode.c.h; path = KimaiTimesheetRecord.h; sourceTree = "<group>"; };
		BC46C8E0163DDD8A00C9520D /* KimaiTimesheetRecord.m */ = {isa = PBXFileReference; fileEncoding = 4; lastKnownFileType = sourcecode.c.objc; path = KimaiTimesheetRecord.m; sourceTree = "<group>"; };
		BC46C8E8163E8BFD00C9520D /* PFMoveApplication.h */ = {isa = PBXFileReference; fileEncoding = 4; lastKnownFileType = sourcecode.c.h; name = PFMoveApplication.h; path = LetsMove/PFMoveApplication.h; sourceTree = "<group>"; };
		BC46C8E9163E8BFD00C9520D /* PFMoveApplication.m */ = {isa = PBXFileReference; fileEncoding = 4; lastKnownFileType = sourcecode.c.objc; name = PFMoveApplication.m; path = LetsMove/PFMoveApplication.m; sourceTree = "<group>"; };
		BC46C8EB163E8C5C00C9520D /* NSString+SymlinksAndAliases.h */ = {isa = PBXFileReference; fileEncoding = 4; lastKnownFileType = sourcecode.c.h; name = "NSString+SymlinksAndAliases.h"; path = "LetsMove/NSString+SymlinksAndAliases.h"; sourceTree = "<group>"; };
		BC46C8EC163E8C5C00C9520D /* NSString+SymlinksAndAliases.m */ = {isa = PBXFileReference; fileEncoding = 4; lastKnownFileType = sourcecode.c.objc; name = "NSString+SymlinksAndAliases.m"; path = "LetsMove/NSString+SymlinksAndAliases.m"; sourceTree = "<group>"; };
		BC4B4D36162DC467000AE55E /* JSONKit.h */ = {isa = PBXFileReference; fileEncoding = 4; lastKnownFileType = sourcecode.c.h; path = JSONKit.h; sourceTree = "<group>"; };
		BC4B4D37162DC467000AE55E /* JSONKit.m */ = {isa = PBXFileReference; fileEncoding = 4; lastKnownFileType = sourcecode.c.objc; path = JSONKit.m; sourceTree = "<group>"; };
		BC4DD26B1641A92A00E8F692 /* Kimai.entitlements */ = {isa = PBXFileReference; lastKnownFileType = text.xml; name = Kimai.entitlements; path = Kimai/Kimai.entitlements; sourceTree = SOURCE_ROOT; };
		BC6F4F8D163EE7C6000ACD96 /* KimaiUser.h */ = {isa = PBXFileReference; fileEncoding = 4; lastKnownFileType = sourcecode.c.h; path = KimaiUser.h; sourceTree = "<group>"; };
		BC6F4F8E163EE7C6000ACD96 /* KimaiUser.m */ = {isa = PBXFileReference; fileEncoding = 4; lastKnownFileType = sourcecode.c.objc; path = KimaiUser.m; sourceTree = "<group>"; };
		BC6F4F9816411B5C000ACD96 /* Sparkle.framework */ = {isa = PBXFileReference; lastKnownFileType = wrapper.framework; name = Sparkle.framework; path = Sparkle/Sparkle.framework; sourceTree = "<group>"; };
		BC6F4F9C16411F24000ACD96 /* appcast.xml */ = {isa = PBXFileReference; lastKnownFileType = text.xml; name = appcast.xml; path = Sparkle/appcast.xml; sourceTree = "<group>"; };
		BC6F4F9D164123BF000ACD96 /* dsa_pub.pem */ = {isa = PBXFileReference; fileEncoding = 4; lastKnownFileType = text; name = dsa_pub.pem; path = Sparkle/dsa_pub.pem; sourceTree = "<group>"; };
		BC87F09816301FFA001BDF87 /* KimaiActiveRecording.h */ = {isa = PBXFileReference; fileEncoding = 4; lastKnownFileType = sourcecode.c.h; path = KimaiActiveRecording.h; sourceTree = "<group>"; };
		BC87F09916301FFA001BDF87 /* KimaiActiveRecording.m */ = {isa = PBXFileReference; fileEncoding = 4; lastKnownFileType = sourcecode.c.objc; path = KimaiActiveRecording.m; sourceTree = "<group>"; };
		BC87F0A416304CD6001BDF87 /* Icon.icns */ = {isa = PBXFileReference; lastKnownFileType = image.icns; name = Icon.icns; path = ../Icon.icns; sourceTree = "<group>"; };
		BC87F0B91630670A001BDF87 /* Kimai-Prefix.pch */ = {isa = PBXFileReference; fileEncoding = 4; lastKnownFileType = sourcecode.c.h; path = "Kimai-Prefix.pch"; sourceTree = "<group>"; };
		BC87F0DA16306DEB001BDF87 /* Security.framework */ = {isa = PBXFileReference; lastKnownFileType = wrapper.framework; name = Security.framework; path = System/Library/Frameworks/Security.framework; sourceTree = SDKROOT; };
		BC87F0EF163140FE001BDF87 /* RunningApplicationsController.h */ = {isa = PBXFileReference; fileEncoding = 4; lastKnownFileType = sourcecode.c.h; name = RunningApplicationsController.h; path = ApplicationObserver/RunningApplicationsController.h; sourceTree = "<group>"; };
		BC87F0F0163140FE001BDF87 /* RunningApplicationsController.m */ = {isa = PBXFileReference; fileEncoding = 4; lastKnownFileType = sourcecode.c.objc; name = RunningApplicationsController.m; path = ApplicationObserver/RunningApplicationsController.m; sourceTree = "<group>"; };
		BC87F0FD163967F2001BDF87 /* CoreLocation.framework */ = {isa = PBXFileReference; lastKnownFileType = wrapper.framework; name = CoreLocation.framework; path = System/Library/Frameworks/CoreLocation.framework; sourceTree = SDKROOT; };
		BC87F1001639683E001BDF87 /* KimaiLocationManager.h */ = {isa = PBXFileReference; fileEncoding = 4; lastKnownFileType = sourcecode.c.h; name = KimaiLocationManager.h; path = Location/KimaiLocationManager.h; sourceTree = "<group>"; };
		BC87F1011639683E001BDF87 /* KimaiLocationManager.m */ = {isa = PBXFileReference; fileEncoding = 4; lastKnownFileType = sourcecode.c.objc; name = KimaiLocationManager.m; path = Location/KimaiLocationManager.m; sourceTree = "<group>"; };
		BC87F1611639767E001BDF87 /* KSReachability.h */ = {isa = PBXFileReference; fileEncoding = 4; lastKnownFileType = sourcecode.c.h; path = KSReachability.h; sourceTree = "<group>"; };
		BC87F1621639767E001BDF87 /* KSReachability.m */ = {isa = PBXFileReference; fileEncoding = 4; lastKnownFileType = sourcecode.c.objc; path = KSReachability.m; sourceTree = "<group>"; };
		BC87F18516397A85001BDF87 /* SystemConfiguration.framework */ = {isa = PBXFileReference; lastKnownFileType = wrapper.framework; name = SystemConfiguration.framework; path = System/Library/Frameworks/SystemConfiguration.framework; sourceTree = SDKROOT; };
		BC87F19B16398291001BDF87 /* CoreWLAN.framework */ = {isa = PBXFileReference; lastKnownFileType = wrapper.framework; name = CoreWLAN.framework; path = System/Library/Frameworks/CoreWLAN.framework; sourceTree = SDKROOT; };
		BC928EDF162C3A8200685547 /* Kimai.app */ = {isa = PBXFileReference; explicitFileType = wrapper.application; includeInIndex = 0; path = Kimai.app; sourceTree = BUILT_PRODUCTS_DIR; };
		BC928EE3162C3A8200685547 /* Cocoa.framework */ = {isa = PBXFileReference; lastKnownFileType = wrapper.framework; name = Cocoa.framework; path = System/Library/Frameworks/Cocoa.framework; sourceTree = SDKROOT; };
		BC928EE6162C3A8200685547 /* AppKit.framework */ = {isa = PBXFileReference; lastKnownFileType = wrapper.framework; name = AppKit.framework; path = System/Library/Frameworks/AppKit.framework; sourceTree = SDKROOT; };
		BC928EE7162C3A8200685547 /* CoreData.framework */ = {isa = PBXFileReference; lastKnownFileType = wrapper.framework; name = CoreData.framework; path = System/Library/Frameworks/CoreData.framework; sourceTree = SDKROOT; };
		BC928EE8162C3A8200685547 /* Foundation.framework */ = {isa = PBXFileReference; lastKnownFileType = wrapper.framework; name = Foundation.framework; path = System/Library/Frameworks/Foundation.framework; sourceTree = SDKROOT; };
		BC928EEB162C3A8200685547 /* Kimai-Info.plist */ = {isa = PBXFileReference; lastKnownFileType = text.plist.xml; path = "Kimai-Info.plist"; sourceTree = "<group>"; };
		BC928EED162C3A8200685547 /* en */ = {isa = PBXFileReference; lastKnownFileType = text.plist.strings; name = en; path = en.lproj/InfoPlist.strings; sourceTree = "<group>"; };
		BC928EEF162C3A8200685547 /* main.m */ = {isa = PBXFileReference; lastKnownFileType = sourcecode.c.objc; path = main.m; sourceTree = "<group>"; };
		BC928EF3162C3A8200685547 /* en */ = {isa = PBXFileReference; lastKnownFileType = text.rtf; name = en; path = en.lproj/Credits.rtf; sourceTree = "<group>"; };
		BC928EF5162C3A8200685547 /* AppDelegate.h */ = {isa = PBXFileReference; lastKnownFileType = sourcecode.c.h; path = AppDelegate.h; sourceTree = "<group>"; };
		BC928EF6162C3A8200685547 /* AppDelegate.m */ = {isa = PBXFileReference; lastKnownFileType = sourcecode.c.objc; path = AppDelegate.m; sourceTree = "<group>"; };
		BC928EF9162C3A8200685547 /* en */ = {isa = PBXFileReference; lastKnownFileType = file.xib; name = en; path = en.lproj/MainMenu.xib; sourceTree = "<group>"; };
		BC928EFC162C3A8200685547 /* kimai.xcdatamodel */ = {isa = PBXFileReference; lastKnownFileType = wrapper.xcdatamodel; path = kimai.xcdatamodel; sourceTree = "<group>"; };
		BC928F23162C3BA500685547 /* smart-icon-selected.png */ = {isa = PBXFileReference; lastKnownFileType = image.png; path = "smart-icon-selected.png"; sourceTree = "<group>"; };
		BC928F24162C3BA500685547 /* smart-icon.png */ = {isa = PBXFileReference; lastKnownFileType = image.png; path = "smart-icon.png"; sourceTree = "<group>"; };
		BC928F25162C3BA500685547 /* StatusItemView.h */ = {isa = PBXFileReference; fileEncoding = 4; lastKnownFileType = sourcecode.c.h; path = StatusItemView.h; sourceTree = "<group>"; };
		BC928F26162C3BA500685547 /* StatusItemView.m */ = {isa = PBXFileReference; fileEncoding = 4; lastKnownFileType = sourcecode.c.objc; path = StatusItemView.m; sourceTree = "<group>"; };
		BC928F31162C3FCB00685547 /* WebKit.framework */ = {isa = PBXFileReference; lastKnownFileType = wrapper.framework; name = WebKit.framework; path = System/Library/Frameworks/WebKit.framework; sourceTree = SDKROOT; };
		BC9815D0162F1B7B00886EBC /* Kimai.h */ = {isa = PBXFileReference; fileEncoding = 4; lastKnownFileType = sourcecode.c.h; path = Kimai.h; sourceTree = "<group>"; };
		BC9815D1162F1B7B00886EBC /* Kimai.m */ = {isa = PBXFileReference; fileEncoding = 4; lastKnownFileType = sourcecode.c.objc; path = Kimai.m; sourceTree = "<group>"; };
		BC9815D2162F1B7B00886EBC /* KimaiProject.h */ = {isa = PBXFileReference; fileEncoding = 4; lastKnownFileType = sourcecode.c.h; path = KimaiProject.h; sourceTree = "<group>"; };
		BC9815D3162F1B7B00886EBC /* KimaiProject.m */ = {isa = PBXFileReference; fileEncoding = 4; lastKnownFileType = sourcecode.c.objc; path = KimaiProject.m; sourceTree = "<group>"; };
		BC9815D6162F228B00886EBC /* KimaiObject.h */ = {isa = PBXFileReference; fileEncoding = 4; lastKnownFileType = sourcecode.c.h; path = KimaiObject.h; sourceTree = "<group>"; };
		BC9815D7162F228B00886EBC /* KimaiObject.m */ = {isa = PBXFileReference; fileEncoding = 4; lastKnownFileType = sourcecode.c.objc; path = KimaiObject.m; sourceTree = "<group>"; };
		BC9815D9162F22C000886EBC /* KimaiTask.h */ = {isa = PBXFileReference; fileEncoding = 4; lastKnownFileType = sourcecode.c.h; path = KimaiTask.h; sourceTree = "<group>"; };
		BC9815DA162F22C000886EBC /* KimaiTask.m */ = {isa = PBXFileReference; fileEncoding = 4; lastKnownFileType = sourcecode.c.objc; path = KimaiTask.m; sourceTree = "<group>"; };
		BCA2A5541641799E005F4C6C /* StartAtLoginController.h */ = {isa = PBXFileReference; fileEncoding = 4; lastKnownFileType = sourcecode.c.h; path = StartAtLoginController.h; sourceTree = "<group>"; };
		BCA2A5551641799E005F4C6C /* StartAtLoginController.m */ = {isa = PBXFileReference; fileEncoding = 4; lastKnownFileType = sourcecode.c.objc; path = StartAtLoginController.m; sourceTree = "<group>"; };
		BCA2A55A164179E1005F4C6C /* ServiceManagement.framework */ = {isa = PBXFileReference; lastKnownFileType = wrapper.framework; name = ServiceManagement.framework; path = System/Library/Frameworks/ServiceManagement.framework; sourceTree = SDKROOT; };
		BCA2A56516417BB3005F4C6C /* KimaiLoginHelper.app */ = {isa = PBXFileReference; explicitFileType = wrapper.application; includeInIndex = 0; path = KimaiLoginHelper.app; sourceTree = BUILT_PRODUCTS_DIR; };
		BCA2A56916417BB3005F4C6C /* AppKit.framework */ = {isa = PBXFileReference; lastKnownFileType = wrapper.framework; name = AppKit.framework; path = System/Library/Frameworks/AppKit.framework; sourceTree = SDKROOT; };
		BCA2A56A16417BB3005F4C6C /* CoreData.framework */ = {isa = PBXFileReference; lastKnownFileType = wrapper.framework; name = CoreData.framework; path = System/Library/Frameworks/CoreData.framework; sourceTree = SDKROOT; };
		BCA2A56B16417BB3005F4C6C /* Foundation.framework */ = {isa = PBXFileReference; lastKnownFileType = wrapper.framework; name = Foundation.framework; path = System/Library/Frameworks/Foundation.framework; sourceTree = SDKROOT; };
		BCA2A56E16417BB3005F4C6C /* Info.plist */ = {isa = PBXFileReference; lastKnownFileType = text.plist.xml; path = Info.plist; sourceTree = "<group>"; };
		BCA2A57016417BB3005F4C6C /* en */ = {isa = PBXFileReference; lastKnownFileType = text.plist.strings; name = en; path = en.lproj/InfoPlist.strings; sourceTree = "<group>"; };
		BCA2A57216417BB3005F4C6C /* main.m */ = {isa = PBXFileReference; lastKnownFileType = sourcecode.c.objc; path = main.m; sourceTree = "<group>"; };
		BCA2A57416417BB3005F4C6C /* KimaiLoginHelper-Prefix.pch */ = {isa = PBXFileReference; lastKnownFileType = sourcecode.c.h; path = "KimaiLoginHelper-Prefix.pch"; sourceTree = "<group>"; };
		BCA2A57816417BB3005F4C6C /* AppDelegate.h */ = {isa = PBXFileReference; lastKnownFileType = sourcecode.c.h; path = AppDelegate.h; sourceTree = "<group>"; };
		BCA2A57916417BB3005F4C6C /* AppDelegate.m */ = {isa = PBXFileReference; lastKnownFileType = sourcecode.c.objc; path = AppDelegate.m; sourceTree = "<group>"; };
		BCA2A57C16417BB3005F4C6C /* en */ = {isa = PBXFileReference; lastKnownFileType = file.xib; name = en; path = en.lproj/MainMenu.xib; sourceTree = "<group>"; };
/* End PBXFileReference section */

/* Begin PBXFrameworksBuildPhase section */
		BC928EDC162C3A8200685547 /* Frameworks */ = {
			isa = PBXFrameworksBuildPhase;
			buildActionMask = 2147483647;
			files = (
				BCA2A55B164179E1005F4C6C /* ServiceManagement.framework in Frameworks */,
				BC87F19C16398291001BDF87 /* CoreWLAN.framework in Frameworks */,
				BC87F18616397A86001BDF87 /* SystemConfiguration.framework in Frameworks */,
				BC87F0FE163967F2001BDF87 /* CoreLocation.framework in Frameworks */,
				BC87F0DB16306DEB001BDF87 /* Security.framework in Frameworks */,
				BC87F0FF163967F9001BDF87 /* CoreData.framework in Frameworks */,
				BC928F32162C3FCB00685547 /* WebKit.framework in Frameworks */,
				BC928EE4162C3A8200685547 /* Cocoa.framework in Frameworks */,
				BC6F4F9916411B5C000ACD96 /* Sparkle.framework in Frameworks */,
			);
			runOnlyForDeploymentPostprocessing = 0;
		};
		BCA2A56216417BB3005F4C6C /* Frameworks */ = {
			isa = PBXFrameworksBuildPhase;
			buildActionMask = 2147483647;
			files = (
				BCA2A56716417BB3005F4C6C /* Cocoa.framework in Frameworks */,
			);
			runOnlyForDeploymentPostprocessing = 0;
		};
/* End PBXFrameworksBuildPhase section */

/* Begin PBXGroup section */
		BC35792B162DC10600F1BFAE /* DSJSONRPC */ = {
			isa = PBXGroup;
			children = (
				BC35792C162DC10600F1BFAE /* DSARCHelpers.h */,
				BC35792D162DC10600F1BFAE /* DSJSONRPC.h */,
				BC35792E162DC10600F1BFAE /* DSJSONRPC.m */,
				BC35792F162DC10600F1BFAE /* DSJSONRPCError.h */,
				BC357930162DC10600F1BFAE /* DSJSONRPCError.m */,
			);
			name = DSJSONRPC;
			path = "Demiurgic-JSON-RPC/DSJSONRPC";
			sourceTree = SOURCE_ROOT;
		};
		BC3AC58F164BB83500794C05 /* sskeychain */ = {
			isa = PBXGroup;
			children = (
				BC3AC595164BB83500794C05 /* SSKeychain.h */,
				BC3AC596164BB83500794C05 /* SSKeychain.m */,
			);
			name = sskeychain;
			path = ../iOS/sskeychain;
			sourceTree = "<group>";
		};
		BC46C8E7163E8BC600C9520D /* LetsMove */ = {
			isa = PBXGroup;
			children = (
				BC46C8E8163E8BFD00C9520D /* PFMoveApplication.h */,
				BC46C8E9163E8BFD00C9520D /* PFMoveApplication.m */,
				BC46C8EB163E8C5C00C9520D /* NSString+SymlinksAndAliases.h */,
				BC46C8EC163E8C5C00C9520D /* NSString+SymlinksAndAliases.m */,
			);
			name = LetsMove;
			sourceTree = "<group>";
		};
		BC4B4D34162DC467000AE55E /* JSONKit */ = {
			isa = PBXGroup;
			children = (
				BC4B4D36162DC467000AE55E /* JSONKit.h */,
				BC4B4D37162DC467000AE55E /* JSONKit.m */,
			);
			path = JSONKit;
			sourceTree = SOURCE_ROOT;
		};
		BC6F4F9F164123DC000ACD96 /* Sparkle */ = {
			isa = PBXGroup;
			children = (
				BC6F4F9816411B5C000ACD96 /* Sparkle.framework */,
				BC6F4F9C16411F24000ACD96 /* appcast.xml */,
				BC6F4F9D164123BF000ACD96 /* dsa_pub.pem */,
			);
			name = Sparkle;
			sourceTree = "<group>";
		};
		BC87F0F316314107001BDF87 /* ApplicationObserver */ = {
			isa = PBXGroup;
			children = (
				BC87F0EF163140FE001BDF87 /* RunningApplicationsController.h */,
				BC87F0F0163140FE001BDF87 /* RunningApplicationsController.m */,
			);
			name = ApplicationObserver;
			sourceTree = "<group>";
		};
		BC87F10316396842001BDF87 /* Location */ = {
			isa = PBXGroup;
			children = (
				BC87F1001639683E001BDF87 /* KimaiLocationManager.h */,
				BC87F1011639683E001BDF87 /* KimaiLocationManager.m */,
			);
			name = Location;
			sourceTree = "<group>";
		};
		BC87F1421639767E001BDF87 /* KSReachability */ = {
			isa = PBXGroup;
			children = (
				BC87F1611639767E001BDF87 /* KSReachability.h */,
				BC87F1621639767E001BDF87 /* KSReachability.m */,
			);
			path = KSReachability;
			sourceTree = "<group>";
		};
		BC928ED4162C3A8200685547 = {
			isa = PBXGroup;
			children = (
				BC6F4F9F164123DC000ACD96 /* Sparkle */,
				BC928EE9162C3A8200685547 /* Kimai */,
				BCA2A56C16417BB3005F4C6C /* KimaiLoginHelper */,
				BC928EE2162C3A8200685547 /* Frameworks */,
				BC928EE0162C3A8200685547 /* Products */,
			);
			sourceTree = "<group>";
		};
		BC928EE0162C3A8200685547 /* Products */ = {
			isa = PBXGroup;
			children = (
				BC928EDF162C3A8200685547 /* Kimai.app */,
				BCA2A56516417BB3005F4C6C /* KimaiLoginHelper.app */,
			);
			name = Products;
			sourceTree = "<group>";
		};
		BC928EE2162C3A8200685547 /* Frameworks */ = {
			isa = PBXGroup;
			children = (
				BCA2A5511641799E005F4C6C /* StartAtLoginController */,
				BC46C8E7163E8BC600C9520D /* LetsMove */,
				BC87F1421639767E001BDF87 /* KSReachability */,
				BC35792B162DC10600F1BFAE /* DSJSONRPC */,
				BC4B4D34162DC467000AE55E /* JSONKit */,
				BC3AC58F164BB83500794C05 /* sskeychain */,
				BCA2A55A164179E1005F4C6C /* ServiceManagement.framework */,
				BC928EE6162C3A8200685547 /* AppKit.framework */,
				BC87F0DA16306DEB001BDF87 /* Security.framework */,
				BC87F0FD163967F2001BDF87 /* CoreLocation.framework */,
				BC928EE7162C3A8200685547 /* CoreData.framework */,
				BC928EE8162C3A8200685547 /* Foundation.framework */,
				BC928F31162C3FCB00685547 /* WebKit.framework */,
				BC87F18516397A85001BDF87 /* SystemConfiguration.framework */,
				BC87F19B16398291001BDF87 /* CoreWLAN.framework */,
				BC928EE3162C3A8200685547 /* Cocoa.framework */,
				BCA2A56816417BB3005F4C6C /* Other Frameworks */,
			);
			name = Frameworks;
			sourceTree = "<group>";
		};
		BC928EE9162C3A8200685547 /* Kimai */ = {
			isa = PBXGroup;
			children = (
				BC4DD26B1641A92A00E8F692 /* Kimai.entitlements */,
				BC928EF5162C3A8200685547 /* AppDelegate.h */,
				BC928EF6162C3A8200685547 /* AppDelegate.m */,
				BC928EF8162C3A8200685547 /* MainMenu.xib */,
				BC928EFB162C3A8200685547 /* kimai.xcdatamodeld */,
				BC9815CF162F1B7B00886EBC /* Kimai */,
				BC87F10316396842001BDF87 /* Location */,
				BC928F22162C3BA500685547 /* StatusBar */,
				BC928EEA162C3A8200685547 /* Supporting Files */,
				BC87F0F316314107001BDF87 /* ApplicationObserver */,
				BC262DC2165045D300E974AF /* TimeFormatter.h */,
				BC262DC3165045D300E974AF /* TimeFormatter.m */,
			);
			name = Kimai;
			path = kimai;
			sourceTree = "<group>";
		};
		BC928EEA162C3A8200685547 /* Supporting Files */ = {
			isa = PBXGroup;
			children = (
				BC928EEB162C3A8200685547 /* Kimai-Info.plist */,
				BC928EEC162C3A8200685547 /* InfoPlist.strings */,
				BC87F0A416304CD6001BDF87 /* Icon.icns */,
				BC928EEF162C3A8200685547 /* main.m */,
				BC87F0B91630670A001BDF87 /* Kimai-Prefix.pch */,
				BC928EF2162C3A8200685547 /* Credits.rtf */,
			);
			name = "Supporting Files";
			sourceTree = "<group>";
		};
		BC928F22162C3BA500685547 /* StatusBar */ = {
			isa = PBXGroup;
			children = (
				BC928F23162C3BA500685547 /* smart-icon-selected.png */,
				BC928F24162C3BA500685547 /* smart-icon.png */,
				BC928F25162C3BA500685547 /* StatusItemView.h */,
				BC928F26162C3BA500685547 /* StatusItemView.m */,
			);
			path = StatusBar;
			sourceTree = "<group>";
		};
		BC9815CF162F1B7B00886EBC /* Kimai */ = {
			isa = PBXGroup;
			children = (
				BC9815D0162F1B7B00886EBC /* Kimai.h */,
				BC9815D1162F1B7B00886EBC /* Kimai.m */,
				BC9815D6162F228B00886EBC /* KimaiObject.h */,
				BC9815D7162F228B00886EBC /* KimaiObject.m */,
				BC9815D2162F1B7B00886EBC /* KimaiProject.h */,
				BC9815D3162F1B7B00886EBC /* KimaiProject.m */,
				BC9815D9162F22C000886EBC /* KimaiTask.h */,
				BC9815DA162F22C000886EBC /* KimaiTask.m */,
				BC6F4F8D163EE7C6000ACD96 /* KimaiUser.h */,
				BC6F4F8E163EE7C6000ACD96 /* KimaiUser.m */,
				BC87F09816301FFA001BDF87 /* KimaiActiveRecording.h */,
				BC87F09916301FFA001BDF87 /* KimaiActiveRecording.m */,
				BC46C8DF163DDD8A00C9520D /* KimaiTimesheetRecord.h */,
				BC46C8E0163DDD8A00C9520D /* KimaiTimesheetRecord.m */,
			);
			path = Kimai;
			sourceTree = "<group>";
		};
		BCA2A5511641799E005F4C6C /* StartAtLoginController */ = {
			isa = PBXGroup;
			children = (
				BCA2A5541641799E005F4C6C /* StartAtLoginController.h */,
				BCA2A5551641799E005F4C6C /* StartAtLoginController.m */,
			);
			path = StartAtLoginController;
			sourceTree = "<group>";
		};
		BCA2A56816417BB3005F4C6C /* Other Frameworks */ = {
			isa = PBXGroup;
			children = (
				BCA2A56916417BB3005F4C6C /* AppKit.framework */,
				BCA2A56A16417BB3005F4C6C /* CoreData.framework */,
				BCA2A56B16417BB3005F4C6C /* Foundation.framework */,
			);
			name = "Other Frameworks";
			sourceTree = "<group>";
		};
		BCA2A56C16417BB3005F4C6C /* KimaiLoginHelper */ = {
			isa = PBXGroup;
			children = (
				BCA2A57816417BB3005F4C6C /* AppDelegate.h */,
				BCA2A57916417BB3005F4C6C /* AppDelegate.m */,
				BCA2A57B16417BB3005F4C6C /* MainMenu.xib */,
				BCA2A56D16417BB3005F4C6C /* Supporting Files */,
			);
			path = KimaiLoginHelper;
			sourceTree = "<group>";
		};
		BCA2A56D16417BB3005F4C6C /* Supporting Files */ = {
			isa = PBXGroup;
			children = (
				BCA2A56E16417BB3005F4C6C /* Info.plist */,
				BCA2A56F16417BB3005F4C6C /* InfoPlist.strings */,
				BCA2A57216417BB3005F4C6C /* main.m */,
				BCA2A57416417BB3005F4C6C /* KimaiLoginHelper-Prefix.pch */,
			);
			name = "Supporting Files";
			sourceTree = "<group>";
		};
/* End PBXGroup section */

/* Begin PBXNativeTarget section */
		BC928EDE162C3A8200685547 /* Kimai */ = {
			isa = PBXNativeTarget;
			buildConfigurationList = BC928F00162C3A8200685547 /* Build configuration list for PBXNativeTarget "Kimai" */;
			buildPhases = (
				BC928EDB162C3A8200685547 /* Sources */,
				BC928EDC162C3A8200685547 /* Frameworks */,
				BC928EDD162C3A8200685547 /* Resources */,
				BC6F4F9A16411B97000ACD96 /* CopyFiles */,
				BCA2A58116417BCC005F4C6C /* CopyFiles */,
			);
			buildRules = (
			);
			dependencies = (
			);
			name = Kimai;
			productName = kimai;
			productReference = BC928EDF162C3A8200685547 /* Kimai.app */;
			productType = "com.apple.product-type.application";
		};
		BCA2A56416417BB3005F4C6C /* KimaiLoginHelper */ = {
			isa = PBXNativeTarget;
			buildConfigurationList = BCA2A57E16417BB3005F4C6C /* Build configuration list for PBXNativeTarget "KimaiLoginHelper" */;
			buildPhases = (
				BCA2A56116417BB3005F4C6C /* Sources */,
				BCA2A56216417BB3005F4C6C /* Frameworks */,
				BCA2A56316417BB3005F4C6C /* Resources */,
			);
			buildRules = (
			);
			dependencies = (
			);
			name = KimaiLoginHelper;
			productName = KimaiLoginHelper;
			productReference = BCA2A56516417BB3005F4C6C /* KimaiLoginHelper.app */;
			productType = "com.apple.product-type.application";
		};
/* End PBXNativeTarget section */

/* Begin PBXProject section */
		BC928ED6162C3A8200685547 /* Project object */ = {
			isa = PBXProject;
			attributes = {
				LastUpgradeCheck = 0450;
				ORGANIZATIONNAME = "blockhaus medienagentur";
			};
			buildConfigurationList = BC928ED9162C3A8200685547 /* Build configuration list for PBXProject "Kimai-MacOS" */;
			compatibilityVersion = "Xcode 3.2";
			developmentRegion = English;
			hasScannedForEncodings = 0;
			knownRegions = (
				en,
				English,
				Danish,
				Dutch,
			);
			mainGroup = BC928ED4162C3A8200685547;
			productRefGroup = BC928EE0162C3A8200685547 /* Products */;
			projectDirPath = "";
			projectRoot = "";
			targets = (
				BC928EDE162C3A8200685547 /* Kimai */,
				BCA2A56416417BB3005F4C6C /* KimaiLoginHelper */,
			);
		};
/* End PBXProject section */

/* Begin PBXResourcesBuildPhase section */
		BC928EDD162C3A8200685547 /* Resources */ = {
			isa = PBXResourcesBuildPhase;
			buildActionMask = 2147483647;
			files = (
				BC928EEE162C3A8200685547 /* InfoPlist.strings in Resources */,
				BC928EF4162C3A8200685547 /* Credits.rtf in Resources */,
				BC928EFA162C3A8200685547 /* MainMenu.xib in Resources */,
				BC928F27162C3BA500685547 /* smart-icon-selected.png in Resources */,
				BC928F28162C3BA500685547 /* smart-icon.png in Resources */,
				BC87F0A516304CD6001BDF87 /* Icon.icns in Resources */,
				BC6F4F9E164123BF000ACD96 /* dsa_pub.pem in Resources */,
			);
			runOnlyForDeploymentPostprocessing = 0;
		};
		BCA2A56316417BB3005F4C6C /* Resources */ = {
			isa = PBXResourcesBuildPhase;
			buildActionMask = 2147483647;
			files = (
				BCA2A57116417BB3005F4C6C /* InfoPlist.strings in Resources */,
				BCA2A57D16417BB3005F4C6C /* MainMenu.xib in Resources */,
			);
			runOnlyForDeploymentPostprocessing = 0;
		};
/* End PBXResourcesBuildPhase section */

/* Begin PBXSourcesBuildPhase section */
		BC928EDB162C3A8200685547 /* Sources */ = {
			isa = PBXSourcesBuildPhase;
			buildActionMask = 2147483647;
			files = (
				BC928EF0162C3A8200685547 /* main.m in Sources */,
				BC928EF7162C3A8200685547 /* AppDelegate.m in Sources */,
				BC928EFD162C3A8200685547 /* kimai.xcdatamodeld in Sources */,
				BC928F29162C3BA500685547 /* StatusItemView.m in Sources */,
				BC357933162DC10600F1BFAE /* DSJSONRPC.m in Sources */,
				BC357934162DC10600F1BFAE /* DSJSONRPCError.m in Sources */,
				BC4B4D3A162DC467000AE55E /* JSONKit.m in Sources */,
				BC9815D4162F1B7B00886EBC /* Kimai.m in Sources */,
				BC9815D5162F1B7B00886EBC /* KimaiProject.m in Sources */,
				BC9815D8162F228B00886EBC /* KimaiObject.m in Sources */,
				BC9815DB162F22C100886EBC /* KimaiTask.m in Sources */,
				BC87F09A16301FFA001BDF87 /* KimaiActiveRecording.m in Sources */,
				BC87F0F1163140FE001BDF87 /* RunningApplicationsController.m in Sources */,
				BC87F1021639683E001BDF87 /* KimaiLocationManager.m in Sources */,
				BC87F1771639767E001BDF87 /* KSReachability.m in Sources */,
				BC46C8E1163DDD8A00C9520D /* KimaiTimesheetRecord.m in Sources */,
				BC46C8EA163E8BFD00C9520D /* PFMoveApplication.m in Sources */,
				BC46C8ED163E8C5C00C9520D /* NSString+SymlinksAndAliases.m in Sources */,
				BC6F4F8F163EE7C6000ACD96 /* KimaiUser.m in Sources */,
				BCA2A5581641799E005F4C6C /* StartAtLoginController.m in Sources */,
				BC3AC5A8164BB83500794C05 /* SSKeychain.m in Sources */,
				BC262DC4165045D300E974AF /* TimeFormatter.m in Sources */,
			);
			runOnlyForDeploymentPostprocessing = 0;
		};
		BCA2A56116417BB3005F4C6C /* Sources */ = {
			isa = PBXSourcesBuildPhase;
			buildActionMask = 2147483647;
			files = (
				BCA2A57316417BB3005F4C6C /* main.m in Sources */,
				BCA2A57A16417BB3005F4C6C /* AppDelegate.m in Sources */,
			);
			runOnlyForDeploymentPostprocessing = 0;
		};
/* End PBXSourcesBuildPhase section */

/* Begin PBXVariantGroup section */
		BC928EEC162C3A8200685547 /* InfoPlist.strings */ = {
			isa = PBXVariantGroup;
			children = (
				BC928EED162C3A8200685547 /* en */,
			);
			name = InfoPlist.strings;
			sourceTree = "<group>";
		};
		BC928EF2162C3A8200685547 /* Credits.rtf */ = {
			isa = PBXVariantGroup;
			children = (
				BC928EF3162C3A8200685547 /* en */,
			);
			name = Credits.rtf;
			sourceTree = "<group>";
		};
		BC928EF8162C3A8200685547 /* MainMenu.xib */ = {
			isa = PBXVariantGroup;
			children = (
				BC928EF9162C3A8200685547 /* en */,
			);
			name = MainMenu.xib;
			sourceTree = "<group>";
		};
		BCA2A56F16417BB3005F4C6C /* InfoPlist.strings */ = {
			isa = PBXVariantGroup;
			children = (
				BCA2A57016417BB3005F4C6C /* en */,
			);
			name = InfoPlist.strings;
			sourceTree = "<group>";
		};
		BCA2A57B16417BB3005F4C6C /* MainMenu.xib */ = {
			isa = PBXVariantGroup;
			children = (
				BCA2A57C16417BB3005F4C6C /* en */,
			);
			name = MainMenu.xib;
			sourceTree = "<group>";
		};
/* End PBXVariantGroup section */

/* Begin XCBuildConfiguration section */
		BC928EFE162C3A8200685547 /* Debug */ = {
			isa = XCBuildConfiguration;
			buildSettings = {
				ALWAYS_SEARCH_USER_PATHS = NO;
				ARCHS = "$(ARCHS_STANDARD_64_BIT)";
				CLANG_CXX_LANGUAGE_STANDARD = "gnu++0x";
				CLANG_CXX_LIBRARY = "libc++";
				CLANG_ENABLE_OBJC_ARC = YES;
				CLANG_WARN_EMPTY_BODY = YES;
				CLANG_WARN__DUPLICATE_METHOD_MATCH = YES;
				COPY_PHASE_STRIP = NO;
				GCC_C_LANGUAGE_STANDARD = gnu99;
				GCC_DYNAMIC_NO_PIC = NO;
				GCC_ENABLE_OBJC_EXCEPTIONS = YES;
				GCC_OPTIMIZATION_LEVEL = 0;
				GCC_PREPROCESSOR_DEFINITIONS = (
					"DEBUG=1",
					"$(inherited)",
				);
				GCC_SYMBOLS_PRIVATE_EXTERN = NO;
				GCC_WARN_64_TO_32_BIT_CONVERSION = YES;
				GCC_WARN_ABOUT_RETURN_TYPE = YES;
				GCC_WARN_UNINITIALIZED_AUTOS = YES;
				GCC_WARN_UNUSED_VARIABLE = YES;
				MACOSX_DEPLOYMENT_TARGET = 10.8;
				ONLY_ACTIVE_ARCH = YES;
				SDKROOT = macosx;
			};
			name = Debug;
		};
		BC928EFF162C3A8200685547 /* Release */ = {
			isa = XCBuildConfiguration;
			buildSettings = {
				ALWAYS_SEARCH_USER_PATHS = NO;
				ARCHS = "$(ARCHS_STANDARD_64_BIT)";
				CLANG_CXX_LANGUAGE_STANDARD = "gnu++0x";
				CLANG_CXX_LIBRARY = "libc++";
				CLANG_ENABLE_OBJC_ARC = YES;
				CLANG_WARN_EMPTY_BODY = YES;
				CLANG_WARN__DUPLICATE_METHOD_MATCH = YES;
				COPY_PHASE_STRIP = YES;
				DEBUG_INFORMATION_FORMAT = "dwarf-with-dsym";
				GCC_C_LANGUAGE_STANDARD = gnu99;
				GCC_ENABLE_OBJC_EXCEPTIONS = YES;
				GCC_WARN_64_TO_32_BIT_CONVERSION = YES;
				GCC_WARN_ABOUT_RETURN_TYPE = YES;
				GCC_WARN_UNINITIALIZED_AUTOS = YES;
				GCC_WARN_UNUSED_VARIABLE = YES;
				MACOSX_DEPLOYMENT_TARGET = 10.8;
				SDKROOT = macosx;
			};
			name = Release;
		};
		BC928F01162C3A8200685547 /* Debug */ = {
			isa = XCBuildConfiguration;
			buildSettings = {
				CODE_SIGN_ENTITLEMENTS = Kimai/Kimai.entitlements;
				CODE_SIGN_IDENTITY = "3rd Party Mac Developer Application: blockhaus medienagentur OG";
				COMBINE_HIDPI_IMAGES = YES;
				FRAMEWORK_SEARCH_PATHS = (
					"$(inherited)",
					"\"$(SRCROOT)/../../../../../Desktop/Sparkle 1.5b6/With Garbage Collection\"",
					"\"$(SRCROOT)/Sparkle\"",
				);
				GCC_PRECOMPILE_PREFIX_HEADER = YES;
				GCC_PREFIX_HEADER = "kimai/Kimai-Prefix.pch";
				INFOPLIST_FILE = "$(SRCROOT)/kimai/Kimai-Info.plist";
				MACOSX_DEPLOYMENT_TARGET = 10.7;
				PRODUCT_NAME = Kimai;
				PROVISIONING_PROFILE = "D7CB4719-1609-428E-8D72-B1E562BEB307";
				WRAPPER_EXTENSION = app;
			};
			name = Debug;
		};
		BC928F02162C3A8200685547 /* Release */ = {
			isa = XCBuildConfiguration;
			buildSettings = {
				CODE_SIGN_ENTITLEMENTS = Kimai/Kimai.entitlements;
				CODE_SIGN_IDENTITY = "3rd Party Mac Developer Application: blockhaus medienagentur OG";
				COMBINE_HIDPI_IMAGES = YES;
				COPY_PHASE_STRIP = NO;
				FRAMEWORK_SEARCH_PATHS = (
					"$(inherited)",
					"\"$(SRCROOT)/../../../../../Desktop/Sparkle 1.5b6/With Garbage Collection\"",
					"\"$(SRCROOT)/Sparkle\"",
				);
				GCC_PRECOMPILE_PREFIX_HEADER = YES;
				GCC_PREFIX_HEADER = "kimai/Kimai-Prefix.pch";
				INFOPLIST_FILE = "$(SRCROOT)/kimai/Kimai-Info.plist";
				MACOSX_DEPLOYMENT_TARGET = 10.7;
				PRODUCT_NAME = Kimai;
				PROVISIONING_PROFILE = "D7CB4719-1609-428E-8D72-B1E562BEB307";
				WRAPPER_EXTENSION = app;
			};
			name = Release;
		};
		BCA2A57F16417BB3005F4C6C /* Debug */ = {
			isa = XCBuildConfiguration;
			buildSettings = {
				CODE_SIGN_ENTITLEMENTS = Kimai/Kimai.entitlements;
				CODE_SIGN_IDENTITY = "3rd Party Mac Developer Application: blockhaus medienagentur OG";
				COMBINE_HIDPI_IMAGES = YES;
				GCC_PRECOMPILE_PREFIX_HEADER = YES;
				GCC_PREFIX_HEADER = "KimaiLoginHelper/KimaiLoginHelper-Prefix.pch";
				INFOPLIST_FILE = KimaiLoginHelper/Info.plist;
				MACOSX_DEPLOYMENT_TARGET = 10.7;
				PRODUCT_NAME = "$(TARGET_NAME)";
				PROVISIONING_PROFILE = "C5CDCB2D-8C67-4E5E-8F4A-352ED68190B8";
				SKIP_INSTALL = YES;
				WRAPPER_EXTENSION = app;
			};
			name = Debug;
		};
		BCA2A58016417BB3005F4C6C /* Release */ = {
			isa = XCBuildConfiguration;
			buildSettings = {
				CODE_SIGN_ENTITLEMENTS = Kimai/Kimai.entitlements;
				CODE_SIGN_IDENTITY = "3rd Party Mac Developer Application: blockhaus medienagentur OG";
				COMBINE_HIDPI_IMAGES = YES;
				GCC_PRECOMPILE_PREFIX_HEADER = YES;
				GCC_PREFIX_HEADER = "KimaiLoginHelper/KimaiLoginHelper-Prefix.pch";
				INFOPLIST_FILE = KimaiLoginHelper/Info.plist;
				MACOSX_DEPLOYMENT_TARGET = 10.7;
				PRODUCT_NAME = "$(TARGET_NAME)";
				PROVISIONING_PROFILE = "C5CDCB2D-8C67-4E5E-8F4A-352ED68190B8";
				SKIP_INSTALL = YES;
				WRAPPER_EXTENSION = app;
			};
			name = Release;
		};
/* End XCBuildConfiguration section */

/* Begin XCConfigurationList section */
		BC928ED9162C3A8200685547 /* Build configuration list for PBXProject "Kimai-MacOS" */ = {
			isa = XCConfigurationList;
			buildConfigurations = (
				BC928EFE162C3A8200685547 /* Debug */,
				BC928EFF162C3A8200685547 /* Release */,
			);
			defaultConfigurationIsVisible = 0;
			defaultConfigurationName = Release;
		};
		BC928F00162C3A8200685547 /* Build configuration list for PBXNativeTarget "Kimai" */ = {
			isa = XCConfigurationList;
			buildConfigurations = (
				BC928F01162C3A8200685547 /* Debug */,
				BC928F02162C3A8200685547 /* Release */,
			);
			defaultConfigurationIsVisible = 0;
			defaultConfigurationName = Release;
		};
		BCA2A57E16417BB3005F4C6C /* Build configuration list for PBXNativeTarget "KimaiLoginHelper" */ = {
			isa = XCConfigurationList;
			buildConfigurations = (
				BCA2A57F16417BB3005F4C6C /* Debug */,
				BCA2A58016417BB3005F4C6C /* Release */,
			);
			defaultConfigurationIsVisible = 0;
			defaultConfigurationName = Release;
		};
/* End XCConfigurationList section */

/* Begin XCVersionGroup section */
		BC928EFB162C3A8200685547 /* kimai.xcdatamodeld */ = {
			isa = XCVersionGroup;
			children = (
				BC928EFC162C3A8200685547 /* kimai.xcdatamodel */,
			);
			currentVersion = BC928EFC162C3A8200685547 /* kimai.xcdatamodel */;
			path = kimai.xcdatamodeld;
			sourceTree = "<group>";
			versionGroupType = wrapper.xcdatamodel;
		};
/* End XCVersionGroup section */
	};
	rootObject = BC928ED6162C3A8200685547 /* Project object */;
}
