// !$*UTF8*$!
{
	archiveVersion = 1;
	classes = {
	};
	objectVersion = 46;
	objects = {

/* Begin PBXBuildFile section */
		BC262DBA1650415900E974AF /* TasksViewController.m in Sources */ = {isa = PBXBuildFile; fileRef = BC262DB81650415900E974AF /* TasksViewController.m */; };
		BC262DD41650521800E974AF /* SVProgressHUD.bundle in Resources */ = {isa = PBXBuildFile; fileRef = BC262DD11650521800E974AF /* SVProgressHUD.bundle */; };
		BC262DD51650521800E974AF /* SVProgressHUD.m in Sources */ = {isa = PBXBuildFile; fileRef = BC262DD31650521800E974AF /* SVProgressHUD.m */; };
		BC262DD71650522900E974AF /* QuartzCore.framework in Frameworks */ = {isa = PBXBuildFile; fileRef = BC262DD61650522900E974AF /* QuartzCore.framework */; };
		BC262DDE16505A7700E974AF /* kimai_play_deactivated.png in Resources */ = {isa = PBXBuildFile; fileRef = BC262DD916505A7700E974AF /* kimai_play_deactivated.png */; };
		BC262DDF16505A7700E974AF /* kimai_play_selected.png in Resources */ = {isa = PBXBuildFile; fileRef = BC262DDA16505A7700E974AF /* kimai_play_selected.png */; };
		BC262DE016505A7700E974AF /* kimai_play_unselected.png in Resources */ = {isa = PBXBuildFile; fileRef = BC262DDB16505A7700E974AF /* kimai_play_unselected.png */; };
		BC262DE116505A7700E974AF /* kimai_stop_selected.png in Resources */ = {isa = PBXBuildFile; fileRef = BC262DDC16505A7700E974AF /* kimai_stop_selected.png */; };
		BC262DE216505A7700E974AF /* kimai_stop_unselected.png in Resources */ = {isa = PBXBuildFile; fileRef = BC262DDD16505A7700E974AF /* kimai_stop_unselected.png */; };
		BC262DE416505F7400E974AF /* Icon.png in Resources */ = {isa = PBXBuildFile; fileRef = BC262DE316505F7400E974AF /* Icon.png */; };
		BC520C47176A18B3003EC969 /* BMCredentials.m in Sources */ = {isa = PBXBuildFile; fileRef = BC520C45176A18B3003EC969 /* BMCredentials.m */; };
		BC520C48176A18B3003EC969 /* BMTimeFormatter.m in Sources */ = {isa = PBXBuildFile; fileRef = BC520C46176A18B3003EC969 /* BMTimeFormatter.m */; };
		BC520C58176A18C2003EC969 /* JSONObject.m in Sources */ = {isa = PBXBuildFile; fileRef = BC520C4B176A18C2003EC969 /* JSONObject.m */; };
		BC520C59176A18C2003EC969 /* Kimai.m in Sources */ = {isa = PBXBuildFile; fileRef = BC520C4D176A18C2003EC969 /* Kimai.m */; };
		BC520C5A176A18C2003EC969 /* KimaiActiveRecording.m in Sources */ = {isa = PBXBuildFile; fileRef = BC520C4F176A18C2003EC969 /* KimaiActiveRecording.m */; };
		BC520C5B176A18C2003EC969 /* KimaiProject.m in Sources */ = {isa = PBXBuildFile; fileRef = BC520C51176A18C2003EC969 /* KimaiProject.m */; };
		BC520C5C176A18C2003EC969 /* KimaiTask.m in Sources */ = {isa = PBXBuildFile; fileRef = BC520C53176A18C2003EC969 /* KimaiTask.m */; };
		BC520C5D176A18C2003EC969 /* KimaiTimesheetRecord.m in Sources */ = {isa = PBXBuildFile; fileRef = BC520C55176A18C2003EC969 /* KimaiTimesheetRecord.m */; };
		BC520C5E176A18C2003EC969 /* KimaiUser.m in Sources */ = {isa = PBXBuildFile; fileRef = BC520C57176A18C2003EC969 /* KimaiUser.m */; };
		BC520C8F176A18E4003EC969 /* KSReachability.m in Sources */ = {isa = PBXBuildFile; fileRef = BC520C7F176A18E4003EC969 /* KSReachability.m */; };
		BC520C9E176A18FA003EC969 /* JSONKit.m in Sources */ = {isa = PBXBuildFile; fileRef = BC520C9B176A18FA003EC969 /* JSONKit.m */; settings = {COMPILER_FLAGS = "-fno-objc-arc"; }; };
		BC5A3F3F164AF530003FCCD4 /* UIKit.framework in Frameworks */ = {isa = PBXBuildFile; fileRef = BC5A3F3E164AF530003FCCD4 /* UIKit.framework */; };
		BC5A3F41164AF530003FCCD4 /* Foundation.framework in Frameworks */ = {isa = PBXBuildFile; fileRef = BC5A3F40164AF530003FCCD4 /* Foundation.framework */; };
		BC5A3F43164AF530003FCCD4 /* CoreGraphics.framework in Frameworks */ = {isa = PBXBuildFile; fileRef = BC5A3F42164AF530003FCCD4 /* CoreGraphics.framework */; };
		BC5A3F49164AF530003FCCD4 /* InfoPlist.strings in Resources */ = {isa = PBXBuildFile; fileRef = BC5A3F47164AF530003FCCD4 /* InfoPlist.strings */; };
		BC5A3F4B164AF530003FCCD4 /* main.m in Sources */ = {isa = PBXBuildFile; fileRef = BC5A3F4A164AF530003FCCD4 /* main.m */; };
		BC5A3F4F164AF530003FCCD4 /* AppDelegate.m in Sources */ = {isa = PBXBuildFile; fileRef = BC5A3F4E164AF530003FCCD4 /* AppDelegate.m */; };
		BC5A3F51164AF530003FCCD4 /* Default.png in Resources */ = {isa = PBXBuildFile; fileRef = BC5A3F50164AF530003FCCD4 /* Default.png */; };
		BC5A3F53164AF530003FCCD4 /* Default@2x.png in Resources */ = {isa = PBXBuildFile; fileRef = BC5A3F52164AF530003FCCD4 /* Default@2x.png */; };
		BC5A3F55164AF530003FCCD4 /* Default-568h@2x.png in Resources */ = {isa = PBXBuildFile; fileRef = BC5A3F54164AF530003FCCD4 /* Default-568h@2x.png */; };
		BC5A3F58164AF530003FCCD4 /* ViewController.m in Sources */ = {isa = PBXBuildFile; fileRef = BC5A3F57164AF530003FCCD4 /* ViewController.m */; };
		BC5A3F5B164AF530003FCCD4 /* ViewController.xib in Resources */ = {isa = PBXBuildFile; fileRef = BC5A3F59164AF530003FCCD4 /* ViewController.xib */; };
		BC5A41DC164AF82F003FCCD4 /* SystemConfiguration.framework in Frameworks */ = {isa = PBXBuildFile; fileRef = BC5A41DB164AF82F003FCCD4 /* SystemConfiguration.framework */; };
		BC5A41DE164AF846003FCCD4 /* MapKit.framework in Frameworks */ = {isa = PBXBuildFile; fileRef = BC5A41DD164AF846003FCCD4 /* MapKit.framework */; };
		BC5A41E0164AF863003FCCD4 /* CoreLocation.framework in Frameworks */ = {isa = PBXBuildFile; fileRef = BC5A41DF164AF863003FCCD4 /* CoreLocation.framework */; };
		BC5A41E2164AF8C4003FCCD4 /* Security.framework in Frameworks */ = {isa = PBXBuildFile; fileRef = BC5A41E1164AF8C4003FCCD4 /* Security.framework */; };
		BC5A4227164AFA38003FCCD4 /* SSKeychain.m in Sources */ = {isa = PBXBuildFile; fileRef = BC5A4215164AFA38003FCCD4 /* SSKeychain.m */; };
		BCC3B1171650013C00317FCE /* DSJSONRPC.m in Sources */ = {isa = PBXBuildFile; fileRef = BCC3B1121650013C00317FCE /* DSJSONRPC.m */; };
		BCC3B1181650013C00317FCE /* DSJSONRPCError.m in Sources */ = {isa = PBXBuildFile; fileRef = BCC3B1141650013C00317FCE /* DSJSONRPCError.m */; };
/* End PBXBuildFile section */

/* Begin PBXFileReference section */
		BC262DB71650415900E974AF /* TasksViewController.h */ = {isa = PBXFileReference; fileEncoding = 4; lastKnownFileType = sourcecode.c.h; path = TasksViewController.h; sourceTree = "<group>"; };
		BC262DB81650415900E974AF /* TasksViewController.m */ = {isa = PBXFileReference; fileEncoding = 4; lastKnownFileType = sourcecode.c.objc; path = TasksViewController.m; sourceTree = "<group>"; };
		BC262DD11650521800E974AF /* SVProgressHUD.bundle */ = {isa = PBXFileReference; lastKnownFileType = "wrapper.plug-in"; path = SVProgressHUD.bundle; sourceTree = "<group>"; };
		BC262DD21650521800E974AF /* SVProgressHUD.h */ = {isa = PBXFileReference; fileEncoding = 4; lastKnownFileType = sourcecode.c.h; path = SVProgressHUD.h; sourceTree = "<group>"; };
		BC262DD31650521800E974AF /* SVProgressHUD.m */ = {isa = PBXFileReference; fileEncoding = 4; lastKnownFileType = sourcecode.c.objc; path = SVProgressHUD.m; sourceTree = "<group>"; };
		BC262DD61650522900E974AF /* QuartzCore.framework */ = {isa = PBXFileReference; lastKnownFileType = wrapper.framework; name = QuartzCore.framework; path = System/Library/Frameworks/QuartzCore.framework; sourceTree = SDKROOT; };
		BC262DD916505A7700E974AF /* kimai_play_deactivated.png */ = {isa = PBXFileReference; lastKnownFileType = image.png; path = kimai_play_deactivated.png; sourceTree = "<group>"; };
		BC262DDA16505A7700E974AF /* kimai_play_selected.png */ = {isa = PBXFileReference; lastKnownFileType = image.png; path = kimai_play_selected.png; sourceTree = "<group>"; };
		BC262DDB16505A7700E974AF /* kimai_play_unselected.png */ = {isa = PBXFileReference; lastKnownFileType = image.png; path = kimai_play_unselected.png; sourceTree = "<group>"; };
		BC262DDC16505A7700E974AF /* kimai_stop_selected.png */ = {isa = PBXFileReference; lastKnownFileType = image.png; path = kimai_stop_selected.png; sourceTree = "<group>"; };
		BC262DDD16505A7700E974AF /* kimai_stop_unselected.png */ = {isa = PBXFileReference; lastKnownFileType = image.png; path = kimai_stop_unselected.png; sourceTree = "<group>"; };
		BC262DE316505F7400E974AF /* Icon.png */ = {isa = PBXFileReference; lastKnownFileType = image.png; path = Icon.png; sourceTree = "<group>"; };
		BC520C43176A18B3003EC969 /* BMCredentials.h */ = {isa = PBXFileReference; fileEncoding = 4; lastKnownFileType = sourcecode.c.h; name = BMCredentials.h; path = ../../mac/kimai/BMCredentials.h; sourceTree = "<group>"; };
		BC520C44176A18B3003EC969 /* BMTimeFormatter.h */ = {isa = PBXFileReference; fileEncoding = 4; lastKnownFileType = sourcecode.c.h; name = BMTimeFormatter.h; path = ../../mac/kimai/BMTimeFormatter.h; sourceTree = "<group>"; };
		BC520C45176A18B3003EC969 /* BMCredentials.m */ = {isa = PBXFileReference; fileEncoding = 4; lastKnownFileType = sourcecode.c.objc; name = BMCredentials.m; path = ../../mac/kimai/BMCredentials.m; sourceTree = "<group>"; };
		BC520C46176A18B3003EC969 /* BMTimeFormatter.m */ = {isa = PBXFileReference; fileEncoding = 4; lastKnownFileType = sourcecode.c.objc; name = BMTimeFormatter.m; path = ../../mac/kimai/BMTimeFormatter.m; sourceTree = "<group>"; };
		BC520C4A176A18C2003EC969 /* JSONObject.h */ = {isa = PBXFileReference; fileEncoding = 4; lastKnownFileType = sourcecode.c.h; path = JSONObject.h; sourceTree = "<group>"; };
		BC520C4B176A18C2003EC969 /* JSONObject.m */ = {isa = PBXFileReference; fileEncoding = 4; lastKnownFileType = sourcecode.c.objc; path = JSONObject.m; sourceTree = "<group>"; };
		BC520C4C176A18C2003EC969 /* Kimai.h */ = {isa = PBXFileReference; fileEncoding = 4; lastKnownFileType = sourcecode.c.h; path = Kimai.h; sourceTree = "<group>"; };
		BC520C4D176A18C2003EC969 /* Kimai.m */ = {isa = PBXFileReference; fileEncoding = 4; lastKnownFileType = sourcecode.c.objc; path = Kimai.m; sourceTree = "<group>"; };
		BC520C4E176A18C2003EC969 /* KimaiActiveRecording.h */ = {isa = PBXFileReference; fileEncoding = 4; lastKnownFileType = sourcecode.c.h; path = KimaiActiveRecording.h; sourceTree = "<group>"; };
		BC520C4F176A18C2003EC969 /* KimaiActiveRecording.m */ = {isa = PBXFileReference; fileEncoding = 4; lastKnownFileType = sourcecode.c.objc; path = KimaiActiveRecording.m; sourceTree = "<group>"; };
		BC520C50176A18C2003EC969 /* KimaiProject.h */ = {isa = PBXFileReference; fileEncoding = 4; lastKnownFileType = sourcecode.c.h; path = KimaiProject.h; sourceTree = "<group>"; };
		BC520C51176A18C2003EC969 /* KimaiProject.m */ = {isa = PBXFileReference; fileEncoding = 4; lastKnownFileType = sourcecode.c.objc; path = KimaiProject.m; sourceTree = "<group>"; };
		BC520C52176A18C2003EC969 /* KimaiTask.h */ = {isa = PBXFileReference; fileEncoding = 4; lastKnownFileType = sourcecode.c.h; path = KimaiTask.h; sourceTree = "<group>"; };
		BC520C53176A18C2003EC969 /* KimaiTask.m */ = {isa = PBXFileReference; fileEncoding = 4; lastKnownFileType = sourcecode.c.objc; path = KimaiTask.m; sourceTree = "<group>"; };
		BC520C54176A18C2003EC969 /* KimaiTimesheetRecord.h */ = {isa = PBXFileReference; fileEncoding = 4; lastKnownFileType = sourcecode.c.h; path = KimaiTimesheetRecord.h; sourceTree = "<group>"; };
		BC520C55176A18C2003EC969 /* KimaiTimesheetRecord.m */ = {isa = PBXFileReference; fileEncoding = 4; lastKnownFileType = sourcecode.c.objc; path = KimaiTimesheetRecord.m; sourceTree = "<group>"; };
		BC520C56176A18C2003EC969 /* KimaiUser.h */ = {isa = PBXFileReference; fileEncoding = 4; lastKnownFileType = sourcecode.c.h; path = KimaiUser.h; sourceTree = "<group>"; };
		BC520C57176A18C2003EC969 /* KimaiUser.m */ = {isa = PBXFileReference; fileEncoding = 4; lastKnownFileType = sourcecode.c.objc; path = KimaiUser.m; sourceTree = "<group>"; };
		BC520C61176A18E4003EC969 /* ARCSafe_MemMgmt.h */ = {isa = PBXFileReference; fileEncoding = 4; lastKnownFileType = sourcecode.c.h; path = ARCSafe_MemMgmt.h; sourceTree = "<group>"; };
		BC520C7E176A18E4003EC969 /* KSReachability.h */ = {isa = PBXFileReference; fileEncoding = 4; lastKnownFileType = sourcecode.c.h; path = KSReachability.h; sourceTree = "<group>"; };
		BC520C7F176A18E4003EC969 /* KSReachability.m */ = {isa = PBXFileReference; fileEncoding = 4; lastKnownFileType = sourcecode.c.objc; path = KSReachability.m; sourceTree = "<group>"; };
		BC520C9A176A18FA003EC969 /* JSONKit.h */ = {isa = PBXFileReference; fileEncoding = 4; lastKnownFileType = sourcecode.c.h; path = JSONKit.h; sourceTree = "<group>"; };
		BC520C9B176A18FA003EC969 /* JSONKit.m */ = {isa = PBXFileReference; fileEncoding = 4; lastKnownFileType = sourcecode.c.objc; path = JSONKit.m; sourceTree = "<group>"; };
		BC5A3F3A164AF530003FCCD4 /* Kimai.app */ = {isa = PBXFileReference; explicitFileType = wrapper.application; includeInIndex = 0; path = Kimai.app; sourceTree = BUILT_PRODUCTS_DIR; };
		BC5A3F3E164AF530003FCCD4 /* UIKit.framework */ = {isa = PBXFileReference; lastKnownFileType = wrapper.framework; name = UIKit.framework; path = System/Library/Frameworks/UIKit.framework; sourceTree = SDKROOT; };
		BC5A3F40164AF530003FCCD4 /* Foundation.framework */ = {isa = PBXFileReference; lastKnownFileType = wrapper.framework; name = Foundation.framework; path = System/Library/Frameworks/Foundation.framework; sourceTree = SDKROOT; };
		BC5A3F42164AF530003FCCD4 /* CoreGraphics.framework */ = {isa = PBXFileReference; lastKnownFileType = wrapper.framework; name = CoreGraphics.framework; path = System/Library/Frameworks/CoreGraphics.framework; sourceTree = SDKROOT; };
		BC5A3F46164AF530003FCCD4 /* Kimai-Info.plist */ = {isa = PBXFileReference; lastKnownFileType = text.plist.xml; path = "Kimai-Info.plist"; sourceTree = "<group>"; };
		BC5A3F48164AF530003FCCD4 /* en */ = {isa = PBXFileReference; lastKnownFileType = text.plist.strings; name = en; path = en.lproj/InfoPlist.strings; sourceTree = "<group>"; };
		BC5A3F4A164AF530003FCCD4 /* main.m */ = {isa = PBXFileReference; lastKnownFileType = sourcecode.c.objc; path = main.m; sourceTree = "<group>"; };
		BC5A3F4C164AF530003FCCD4 /* Kimai-Prefix.pch */ = {isa = PBXFileReference; lastKnownFileType = sourcecode.c.h; path = "Kimai-Prefix.pch"; sourceTree = "<group>"; };
		BC5A3F4D164AF530003FCCD4 /* AppDelegate.h */ = {isa = PBXFileReference; lastKnownFileType = sourcecode.c.h; path = AppDelegate.h; sourceTree = "<group>"; };
		BC5A3F4E164AF530003FCCD4 /* AppDelegate.m */ = {isa = PBXFileReference; lastKnownFileType = sourcecode.c.objc; path = AppDelegate.m; sourceTree = "<group>"; };
		BC5A3F50164AF530003FCCD4 /* Default.png */ = {isa = PBXFileReference; lastKnownFileType = image.png; path = Default.png; sourceTree = "<group>"; };
		BC5A3F52164AF530003FCCD4 /* Default@2x.png */ = {isa = PBXFileReference; lastKnownFileType = image.png; path = "Default@2x.png"; sourceTree = "<group>"; };
		BC5A3F54164AF530003FCCD4 /* Default-568h@2x.png */ = {isa = PBXFileReference; lastKnownFileType = image.png; path = "Default-568h@2x.png"; sourceTree = "<group>"; };
		BC5A3F56164AF530003FCCD4 /* ViewController.h */ = {isa = PBXFileReference; lastKnownFileType = sourcecode.c.h; path = ViewController.h; sourceTree = "<group>"; };
		BC5A3F57164AF530003FCCD4 /* ViewController.m */ = {isa = PBXFileReference; lastKnownFileType = sourcecode.c.objc; path = ViewController.m; sourceTree = "<group>"; };
		BC5A3F5A164AF530003FCCD4 /* en */ = {isa = PBXFileReference; lastKnownFileType = file.xib; name = en; path = en.lproj/ViewController.xib; sourceTree = "<group>"; };
		BC5A41DB164AF82F003FCCD4 /* SystemConfiguration.framework */ = {isa = PBXFileReference; lastKnownFileType = wrapper.framework; name = SystemConfiguration.framework; path = System/Library/Frameworks/SystemConfiguration.framework; sourceTree = SDKROOT; };
		BC5A41DD164AF846003FCCD4 /* MapKit.framework */ = {isa = PBXFileReference; lastKnownFileType = wrapper.framework; name = MapKit.framework; path = System/Library/Frameworks/MapKit.framework; sourceTree = SDKROOT; };
		BC5A41DF164AF863003FCCD4 /* CoreLocation.framework */ = {isa = PBXFileReference; lastKnownFileType = wrapper.framework; name = CoreLocation.framework; path = System/Library/Frameworks/CoreLocation.framework; sourceTree = SDKROOT; };
		BC5A41E1164AF8C4003FCCD4 /* Security.framework */ = {isa = PBXFileReference; lastKnownFileType = wrapper.framework; name = Security.framework; path = System/Library/Frameworks/Security.framework; sourceTree = SDKROOT; };
		BC5A4214164AFA38003FCCD4 /* SSKeychain.h */ = {isa = PBXFileReference; fileEncoding = 4; lastKnownFileType = sourcecode.c.h; path = SSKeychain.h; sourceTree = "<group>"; };
		BC5A4215164AFA38003FCCD4 /* SSKeychain.m */ = {isa = PBXFileReference; fileEncoding = 4; lastKnownFileType = sourcecode.c.objc; path = SSKeychain.m; sourceTree = "<group>"; };
		BCC3B1101650013C00317FCE /* DSARCHelpers.h */ = {isa = PBXFileReference; fileEncoding = 4; lastKnownFileType = sourcecode.c.h; path = DSARCHelpers.h; sourceTree = "<group>"; };
		BCC3B1111650013C00317FCE /* DSJSONRPC.h */ = {isa = PBXFileReference; fileEncoding = 4; lastKnownFileType = sourcecode.c.h; path = DSJSONRPC.h; sourceTree = "<group>"; };
		BCC3B1121650013C00317FCE /* DSJSONRPC.m */ = {isa = PBXFileReference; fileEncoding = 4; lastKnownFileType = sourcecode.c.objc; path = DSJSONRPC.m; sourceTree = "<group>"; };
		BCC3B1131650013C00317FCE /* DSJSONRPCError.h */ = {isa = PBXFileReference; fileEncoding = 4; lastKnownFileType = sourcecode.c.h; path = DSJSONRPCError.h; sourceTree = "<group>"; };
		BCC3B1141650013C00317FCE /* DSJSONRPCError.m */ = {isa = PBXFileReference; fileEncoding = 4; lastKnownFileType = sourcecode.c.objc; path = DSJSONRPCError.m; sourceTree = "<group>"; };
/* End PBXFileReference section */

/* Begin PBXFrameworksBuildPhase section */
		BC5A3F37164AF530003FCCD4 /* Frameworks */ = {
			isa = PBXFrameworksBuildPhase;
			buildActionMask = 2147483647;
			files = (
				BC5A41E0164AF863003FCCD4 /* CoreLocation.framework in Frameworks */,
				BC262DD71650522900E974AF /* QuartzCore.framework in Frameworks */,
				BC5A41E2164AF8C4003FCCD4 /* Security.framework in Frameworks */,
				BC5A41DE164AF846003FCCD4 /* MapKit.framework in Frameworks */,
				BC5A41DC164AF82F003FCCD4 /* SystemConfiguration.framework in Frameworks */,
				BC5A3F3F164AF530003FCCD4 /* UIKit.framework in Frameworks */,
				BC5A3F41164AF530003FCCD4 /* Foundation.framework in Frameworks */,
				BC5A3F43164AF530003FCCD4 /* CoreGraphics.framework in Frameworks */,
			);
			runOnlyForDeploymentPostprocessing = 0;
		};
/* End PBXFrameworksBuildPhase section */

/* Begin PBXGroup section */
		BC262DCF16504C9800E974AF /* Helper */ = {
			isa = PBXGroup;
			children = (
				BC520C43176A18B3003EC969 /* BMCredentials.h */,
				BC520C45176A18B3003EC969 /* BMCredentials.m */,
				BC520C44176A18B3003EC969 /* BMTimeFormatter.h */,
				BC520C46176A18B3003EC969 /* BMTimeFormatter.m */,
			);
			name = Helper;
			sourceTree = "<group>";
		};
		BC262DD01650521800E974AF /* SVProgressHUD */ = {
			isa = PBXGroup;
			children = (
				BC262DD11650521800E974AF /* SVProgressHUD.bundle */,
				BC262DD21650521800E974AF /* SVProgressHUD.h */,
				BC262DD31650521800E974AF /* SVProgressHUD.m */,
			);
			name = SVProgressHUD;
			path = SVProgressHUD/SVProgressHUD;
			sourceTree = SOURCE_ROOT;
		};
		BC262DD816505A7700E974AF /* kimai_icons */ = {
			isa = PBXGroup;
			children = (
				BC262DD916505A7700E974AF /* kimai_play_deactivated.png */,
				BC262DDA16505A7700E974AF /* kimai_play_selected.png */,
				BC262DDB16505A7700E974AF /* kimai_play_unselected.png */,
				BC262DDC16505A7700E974AF /* kimai_stop_selected.png */,
				BC262DDD16505A7700E974AF /* kimai_stop_unselected.png */,
			);
			name = kimai_icons;
			path = ../../graphics/kimai_icons;
			sourceTree = "<group>";
		};
		BC520C49176A18C2003EC969 /* Kimai */ = {
			isa = PBXGroup;
			children = (
				BC520C4C176A18C2003EC969 /* Kimai.h */,
				BC520C4D176A18C2003EC969 /* Kimai.m */,
				BC520C4A176A18C2003EC969 /* JSONObject.h */,
				BC520C4B176A18C2003EC969 /* JSONObject.m */,
				BC520C4E176A18C2003EC969 /* KimaiActiveRecording.h */,
				BC520C4F176A18C2003EC969 /* KimaiActiveRecording.m */,
				BC520C50176A18C2003EC969 /* KimaiProject.h */,
				BC520C51176A18C2003EC969 /* KimaiProject.m */,
				BC520C52176A18C2003EC969 /* KimaiTask.h */,
				BC520C53176A18C2003EC969 /* KimaiTask.m */,
				BC520C54176A18C2003EC969 /* KimaiTimesheetRecord.h */,
				BC520C55176A18C2003EC969 /* KimaiTimesheetRecord.m */,
				BC520C56176A18C2003EC969 /* KimaiUser.h */,
				BC520C57176A18C2003EC969 /* KimaiUser.m */,
			);
			name = Kimai;
			path = ../../mac/kimai/Kimai;
			sourceTree = "<group>";
		};
		BC520C5F176A18E4003EC969 /* KSReachability */ = {
			isa = PBXGroup;
			children = (
				BC520C61176A18E4003EC969 /* ARCSafe_MemMgmt.h */,
				BC520C7E176A18E4003EC969 /* KSReachability.h */,
				BC520C7F176A18E4003EC969 /* KSReachability.m */,
			);
			name = KSReachability;
			path = ../../mac/KSReachability;
			sourceTree = "<group>";
		};
		BC520C98176A18FA003EC969 /* JSONKit */ = {
			isa = PBXGroup;
			children = (
				BC520C9A176A18FA003EC969 /* JSONKit.h */,
				BC520C9B176A18FA003EC969 /* JSONKit.m */,
			);
			name = JSONKit;
			path = ../../mac/JSONKit;
			sourceTree = "<group>";
		};
		BC5A3F2F164AF530003FCCD4 = {
			isa = PBXGroup;
			children = (
				BC5A3F44164AF530003FCCD4 /* Kimai */,
				BC5A3F3D164AF530003FCCD4 /* Frameworks */,
				BC5A3F3B164AF530003FCCD4 /* Products */,
			);
			sourceTree = "<group>";
		};
		BC5A3F3B164AF530003FCCD4 /* Products */ = {
			isa = PBXGroup;
			children = (
				BC5A3F3A164AF530003FCCD4 /* Kimai.app */,
			);
			name = Products;
			sourceTree = "<group>";
		};
		BC5A3F3D164AF530003FCCD4 /* Frameworks */ = {
			isa = PBXGroup;
			children = (
				BC262DD61650522900E974AF /* QuartzCore.framework */,
				BC5A41E1164AF8C4003FCCD4 /* Security.framework */,
				BC5A41DD164AF846003FCCD4 /* MapKit.framework */,
				BC5A41DF164AF863003FCCD4 /* CoreLocation.framework */,
				BC5A41DB164AF82F003FCCD4 /* SystemConfiguration.framework */,
				BC5A3F3E164AF530003FCCD4 /* UIKit.framework */,
				BC5A3F40164AF530003FCCD4 /* Foundation.framework */,
				BC5A3F42164AF530003FCCD4 /* CoreGraphics.framework */,
			);
			name = Frameworks;
			sourceTree = "<group>";
		};
		BC5A3F44164AF530003FCCD4 /* Kimai */ = {
			isa = PBXGroup;
			children = (
				BC5A3F4D164AF530003FCCD4 /* AppDelegate.h */,
				BC5A3F4E164AF530003FCCD4 /* AppDelegate.m */,
				BC5A3F56164AF530003FCCD4 /* ViewController.h */,
				BC5A3F57164AF530003FCCD4 /* ViewController.m */,
				BC5A3F59164AF530003FCCD4 /* ViewController.xib */,
				BC262DB71650415900E974AF /* TasksViewController.h */,
				BC262DB81650415900E974AF /* TasksViewController.m */,
				BC262DCF16504C9800E974AF /* Helper */,
				BC262DD816505A7700E974AF /* kimai_icons */,
				BC520C49176A18C2003EC969 /* Kimai */,
				BCC3B10F1650013C00317FCE /* DSJSONRPC */,
				BC520C98176A18FA003EC969 /* JSONKit */,
				BC520C5F176A18E4003EC969 /* KSReachability */,
				BC5A420E164AFA38003FCCD4 /* sskeychain */,
				BC262DD01650521800E974AF /* SVProgressHUD */,
				BC5A3F45164AF530003FCCD4 /* Supporting Files */,
			);
			path = Kimai;
			sourceTree = "<group>";
		};
		BC5A3F45164AF530003FCCD4 /* Supporting Files */ = {
			isa = PBXGroup;
			children = (
				BC5A3F46164AF530003FCCD4 /* Kimai-Info.plist */,
				BC5A3F47164AF530003FCCD4 /* InfoPlist.strings */,
				BC5A3F4A164AF530003FCCD4 /* main.m */,
				BC5A3F4C164AF530003FCCD4 /* Kimai-Prefix.pch */,
				BC262DE316505F7400E974AF /* Icon.png */,
				BC5A3F50164AF530003FCCD4 /* Default.png */,
				BC5A3F52164AF530003FCCD4 /* Default@2x.png */,
				BC5A3F54164AF530003FCCD4 /* Default-568h@2x.png */,
			);
			name = "Supporting Files";
			sourceTree = "<group>";
		};
		BC5A420E164AFA38003FCCD4 /* sskeychain */ = {
			isa = PBXGroup;
			children = (
				BC5A4214164AFA38003FCCD4 /* SSKeychain.h */,
				BC5A4215164AFA38003FCCD4 /* SSKeychain.m */,
			);
			path = sskeychain;
			sourceTree = SOURCE_ROOT;
		};
		BCC3B10F1650013C00317FCE /* DSJSONRPC */ = {
			isa = PBXGroup;
			children = (
				BCC3B1101650013C00317FCE /* DSARCHelpers.h */,
				BCC3B1111650013C00317FCE /* DSJSONRPC.h */,
				BCC3B1121650013C00317FCE /* DSJSONRPC.m */,
				BCC3B1131650013C00317FCE /* DSJSONRPCError.h */,
				BCC3B1141650013C00317FCE /* DSJSONRPCError.m */,
			);
			name = DSJSONRPC;
			path = "../../MacOS/Demiurgic-JSON-RPC/DSJSONRPC";
			sourceTree = "<group>";
		};
/* End PBXGroup section */

/* Begin PBXNativeTarget section */
		BC5A3F39164AF530003FCCD4 /* Kimai */ = {
			isa = PBXNativeTarget;
			buildConfigurationList = BC5A3F61164AF530003FCCD4 /* Build configuration list for PBXNativeTarget "Kimai" */;
			buildPhases = (
				BC5A3F36164AF530003FCCD4 /* Sources */,
				BC5A3F37164AF530003FCCD4 /* Frameworks */,
				BC5A3F38164AF530003FCCD4 /* Resources */,
			);
			buildRules = (
			);
			dependencies = (
			);
			name = Kimai;
			productName = Kimai;
			productReference = BC5A3F3A164AF530003FCCD4 /* Kimai.app */;
			productType = "com.apple.product-type.application";
		};
/* End PBXNativeTarget section */

/* Begin PBXProject section */
		BC5A3F31164AF530003FCCD4 /* Project object */ = {
			isa = PBXProject;
			attributes = {
				LastUpgradeCheck = 0450;
				ORGANIZATIONNAME = "blockhaus medienagentur";
			};
			buildConfigurationList = BC5A3F34164AF530003FCCD4 /* Build configuration list for PBXProject "Kimai-iOS" */;
			compatibilityVersion = "Xcode 3.2";
			developmentRegion = English;
			hasScannedForEncodings = 0;
			knownRegions = (
				en,
			);
			mainGroup = BC5A3F2F164AF530003FCCD4;
			productRefGroup = BC5A3F3B164AF530003FCCD4 /* Products */;
			projectDirPath = "";
			projectRoot = "";
			targets = (
				BC5A3F39164AF530003FCCD4 /* Kimai */,
			);
		};
/* End PBXProject section */

/* Begin PBXResourcesBuildPhase section */
		BC5A3F38164AF530003FCCD4 /* Resources */ = {
			isa = PBXResourcesBuildPhase;
			buildActionMask = 2147483647;
			files = (
				BC5A3F49164AF530003FCCD4 /* InfoPlist.strings in Resources */,
				BC5A3F51164AF530003FCCD4 /* Default.png in Resources */,
				BC5A3F53164AF530003FCCD4 /* Default@2x.png in Resources */,
				BC5A3F55164AF530003FCCD4 /* Default-568h@2x.png in Resources */,
				BC5A3F5B164AF530003FCCD4 /* ViewController.xib in Resources */,
				BC262DD41650521800E974AF /* SVProgressHUD.bundle in Resources */,
				BC262DDE16505A7700E974AF /* kimai_play_deactivated.png in Resources */,
				BC262DDF16505A7700E974AF /* kimai_play_selected.png in Resources */,
				BC262DE016505A7700E974AF /* kimai_play_unselected.png in Resources */,
				BC262DE116505A7700E974AF /* kimai_stop_selected.png in Resources */,
				BC262DE216505A7700E974AF /* kimai_stop_unselected.png in Resources */,
				BC262DE416505F7400E974AF /* Icon.png in Resources */,
			);
			runOnlyForDeploymentPostprocessing = 0;
		};
/* End PBXResourcesBuildPhase section */

/* Begin PBXSourcesBuildPhase section */
		BC5A3F36164AF530003FCCD4 /* Sources */ = {
			isa = PBXSourcesBuildPhase;
			buildActionMask = 2147483647;
			files = (
				BC5A3F4B164AF530003FCCD4 /* main.m in Sources */,
				BC5A3F4F164AF530003FCCD4 /* AppDelegate.m in Sources */,
				BC5A3F58164AF530003FCCD4 /* ViewController.m in Sources */,
				BC5A4227164AFA38003FCCD4 /* SSKeychain.m in Sources */,
				BCC3B1171650013C00317FCE /* DSJSONRPC.m in Sources */,
				BCC3B1181650013C00317FCE /* DSJSONRPCError.m in Sources */,
				BC262DBA1650415900E974AF /* TasksViewController.m in Sources */,
				BC262DD51650521800E974AF /* SVProgressHUD.m in Sources */,
				BC520C47176A18B3003EC969 /* BMCredentials.m in Sources */,
				BC520C48176A18B3003EC969 /* BMTimeFormatter.m in Sources */,
				BC520C58176A18C2003EC969 /* JSONObject.m in Sources */,
				BC520C59176A18C2003EC969 /* Kimai.m in Sources */,
				BC520C5A176A18C2003EC969 /* KimaiActiveRecording.m in Sources */,
				BC520C5B176A18C2003EC969 /* KimaiProject.m in Sources */,
				BC520C5C176A18C2003EC969 /* KimaiTask.m in Sources */,
				BC520C5D176A18C2003EC969 /* KimaiTimesheetRecord.m in Sources */,
				BC520C5E176A18C2003EC969 /* KimaiUser.m in Sources */,
				BC520C8F176A18E4003EC969 /* KSReachability.m in Sources */,
				BC520C9E176A18FA003EC969 /* JSONKit.m in Sources */,
			);
			runOnlyForDeploymentPostprocessing = 0;
		};
/* End PBXSourcesBuildPhase section */

/* Begin PBXVariantGroup section */
		BC5A3F47164AF530003FCCD4 /* InfoPlist.strings */ = {
			isa = PBXVariantGroup;
			children = (
				BC5A3F48164AF530003FCCD4 /* en */,
			);
			name = InfoPlist.strings;
			sourceTree = "<group>";
		};
		BC5A3F59164AF530003FCCD4 /* ViewController.xib */ = {
			isa = PBXVariantGroup;
			children = (
				BC5A3F5A164AF530003FCCD4 /* en */,
			);
			name = ViewController.xib;
			sourceTree = "<group>";
		};
/* End PBXVariantGroup section */

/* Begin XCBuildConfiguration section */
		BC5A3F5F164AF530003FCCD4 /* Debug */ = {
			isa = XCBuildConfiguration;
			buildSettings = {
				ALWAYS_SEARCH_USER_PATHS = NO;
				CLANG_CXX_LANGUAGE_STANDARD = "gnu++0x";
				CLANG_CXX_LIBRARY = "libc++";
				CLANG_ENABLE_OBJC_ARC = YES;
				CLANG_WARN_EMPTY_BODY = YES;
				CLANG_WARN__DUPLICATE_METHOD_MATCH = YES;
				"CODE_SIGN_IDENTITY[sdk=iphoneos*]" = "iPhone Developer";
				COPY_PHASE_STRIP = NO;
				GCC_C_LANGUAGE_STANDARD = gnu99;
				GCC_DYNAMIC_NO_PIC = NO;
				GCC_OPTIMIZATION_LEVEL = 0;
				GCC_PREPROCESSOR_DEFINITIONS = (
					"DEBUG=1",
					"$(inherited)",
				);
				GCC_SYMBOLS_PRIVATE_EXTERN = NO;
				GCC_WARN_ABOUT_RETURN_TYPE = YES;
				GCC_WARN_UNINITIALIZED_AUTOS = YES;
				GCC_WARN_UNUSED_VARIABLE = YES;
				IPHONEOS_DEPLOYMENT_TARGET = 6.0;
				ONLY_ACTIVE_ARCH = YES;
				SDKROOT = iphoneos;
				TARGETED_DEVICE_FAMILY = "1,2";
			};
			name = Debug;
		};
		BC5A3F60164AF530003FCCD4 /* Release */ = {
			isa = XCBuildConfiguration;
			buildSettings = {
				ALWAYS_SEARCH_USER_PATHS = NO;
				CLANG_CXX_LANGUAGE_STANDARD = "gnu++0x";
				CLANG_CXX_LIBRARY = "libc++";
				CLANG_ENABLE_OBJC_ARC = YES;
				CLANG_WARN_EMPTY_BODY = YES;
				CLANG_WARN__DUPLICATE_METHOD_MATCH = YES;
				"CODE_SIGN_IDENTITY[sdk=iphoneos*]" = "iPhone Developer";
				COPY_PHASE_STRIP = YES;
				GCC_C_LANGUAGE_STANDARD = gnu99;
				GCC_WARN_ABOUT_RETURN_TYPE = YES;
				GCC_WARN_UNINITIALIZED_AUTOS = YES;
				GCC_WARN_UNUSED_VARIABLE = YES;
				IPHONEOS_DEPLOYMENT_TARGET = 6.0;
				OTHER_CFLAGS = "-DNS_BLOCK_ASSERTIONS=1";
				SDKROOT = iphoneos;
				TARGETED_DEVICE_FAMILY = "1,2";
				VALIDATE_PRODUCT = YES;
			};
			name = Release;
		};
		BC5A3F62164AF530003FCCD4 /* Debug */ = {
			isa = XCBuildConfiguration;
			buildSettings = {
				GCC_PRECOMPILE_PREFIX_HEADER = YES;
				GCC_PREFIX_HEADER = "Kimai/Kimai-Prefix.pch";
				INFOPLIST_FILE = "Kimai/Kimai-Info.plist";
				PRODUCT_NAME = "$(TARGET_NAME)";
				WRAPPER_EXTENSION = app;
			};
			name = Debug;
		};
		BC5A3F63164AF530003FCCD4 /* Release */ = {
			isa = XCBuildConfiguration;
			buildSettings = {
				GCC_PRECOMPILE_PREFIX_HEADER = YES;
				GCC_PREFIX_HEADER = "Kimai/Kimai-Prefix.pch";
				INFOPLIST_FILE = "Kimai/Kimai-Info.plist";
				PRODUCT_NAME = "$(TARGET_NAME)";
				WRAPPER_EXTENSION = app;
			};
			name = Release;
		};
/* End XCBuildConfiguration section */

/* Begin XCConfigurationList section */
		BC5A3F34164AF530003FCCD4 /* Build configuration list for PBXProject "Kimai-iOS" */ = {
			isa = XCConfigurationList;
			buildConfigurations = (
				BC5A3F5F164AF530003FCCD4 /* Debug */,
				BC5A3F60164AF530003FCCD4 /* Release */,
			);
			defaultConfigurationIsVisible = 0;
			defaultConfigurationName = Release;
		};
		BC5A3F61164AF530003FCCD4 /* Build configuration list for PBXNativeTarget "Kimai" */ = {
			isa = XCConfigurationList;
			buildConfigurations = (
				BC5A3F62164AF530003FCCD4 /* Debug */,
				BC5A3F63164AF530003FCCD4 /* Release */,
			);
			defaultConfigurationIsVisible = 0;
			defaultConfigurationName = Release;
		};
/* End XCConfigurationList section */
	};
	rootObject = BC5A3F31164AF530003FCCD4 /* Project object */;
}
