// !$*UTF8*$!
{
	archiveVersion = 1;
	classes = {
	};
	objectVersion = 46;
	objects = {

/* Begin PBXBuildFile section */
		BC09312A16580A7200E1B87F /* MASPreferencesWindow.xib in Resources */ = {isa = PBXBuildFile; fileRef = BC09312516580A7200E1B87F /* MASPreferencesWindow.xib */; };
		BC09312B16580A7200E1B87F /* MASPreferencesWindowController.m in Sources */ = {isa = PBXBuildFile; fileRef = BC09312716580A7200E1B87F /* MASPreferencesWindowController.m */; settings = {COMPILER_FLAGS = "-fno-objc-arc"; }; };
		BC09315516580B2900E1B87F /* AdvancedPreferencesView.xib in Resources */ = {isa = PBXBuildFile; fileRef = BC09314816580B2900E1B87F /* AdvancedPreferencesView.xib */; };
		BC09315616580B2900E1B87F /* AccountPreferencesViewController.m in Sources */ = {isa = PBXBuildFile; fileRef = BC09314A16580B2900E1B87F /* AccountPreferencesViewController.m */; };
		BC09315B16580B2900E1B87F /* GeneralPreferencesViewController.m in Sources */ = {isa = PBXBuildFile; fileRef = BC09315316580B2900E1B87F /* GeneralPreferencesViewController.m */; };
		BC093170165821FF00E1B87F /* GeneralPreferencesViewController.xib in Resources */ = {isa = PBXBuildFile; fileRef = BC09316F165821FF00E1B87F /* GeneralPreferencesViewController.xib */; };
		BC262DC4165045D300E974AF /* BMTimeFormatter.m in Sources */ = {isa = PBXBuildFile; fileRef = BC262DC3165045D300E974AF /* BMTimeFormatter.m */; };
		BC262DC8165048D500E974AF /* BMCredentials.m in Sources */ = {isa = PBXBuildFile; fileRef = BC262DC7165048D500E974AF /* BMCredentials.m */; };
		BC357933162DC10600F1BFAE /* DSJSONRPC.m in Sources */ = {isa = PBXBuildFile; fileRef = BC35792E162DC10600F1BFAE /* DSJSONRPC.m */; };
		BC357934162DC10600F1BFAE /* DSJSONRPCError.m in Sources */ = {isa = PBXBuildFile; fileRef = BC357930162DC10600F1BFAE /* DSJSONRPCError.m */; };
		BC3AC5A8164BB83500794C05 /* SSKeychain.m in Sources */ = {isa = PBXBuildFile; fileRef = BC3AC596164BB83500794C05 /* SSKeychain.m */; };
		BC41C9F9184793A40076EA3A /* kimai_logo.png in Resources */ = {isa = PBXBuildFile; fileRef = BC41C9F8184793A40076EA3A /* kimai_logo.png */; };
		BC46C8E1163DDD8A00C9520D /* KimaiTimesheetRecord.m in Sources */ = {isa = PBXBuildFile; fileRef = BC46C8E0163DDD8A00C9520D /* KimaiTimesheetRecord.m */; };
		BC4B4D3A162DC467000AE55E /* JSONKit.m in Sources */ = {isa = PBXBuildFile; fileRef = BC4B4D37162DC467000AE55E /* JSONKit.m */; settings = {COMPILER_FLAGS = "-fno-objc-arc"; }; };
		BC62790E1847F24500FB0FDC /* AFHTTPRequestOperation.m in Sources */ = {isa = PBXBuildFile; fileRef = BC6278FC1847F24500FB0FDC /* AFHTTPRequestOperation.m */; };
		BC62790F1847F24500FB0FDC /* AFHTTPRequestOperationManager.m in Sources */ = {isa = PBXBuildFile; fileRef = BC6278FE1847F24500FB0FDC /* AFHTTPRequestOperationManager.m */; };
		BC6279101847F24500FB0FDC /* AFHTTPSessionManager.m in Sources */ = {isa = PBXBuildFile; fileRef = BC6279001847F24500FB0FDC /* AFHTTPSessionManager.m */; };
		BC6279111847F24500FB0FDC /* AFNetworkReachabilityManager.m in Sources */ = {isa = PBXBuildFile; fileRef = BC6279031847F24500FB0FDC /* AFNetworkReachabilityManager.m */; };
		BC6279121847F24500FB0FDC /* AFSecurityPolicy.m in Sources */ = {isa = PBXBuildFile; fileRef = BC6279051847F24500FB0FDC /* AFSecurityPolicy.m */; };
		BC6279131847F24500FB0FDC /* AFURLConnectionOperation.m in Sources */ = {isa = PBXBuildFile; fileRef = BC6279071847F24500FB0FDC /* AFURLConnectionOperation.m */; };
		BC6279141847F24500FB0FDC /* AFURLRequestSerialization.m in Sources */ = {isa = PBXBuildFile; fileRef = BC6279091847F24500FB0FDC /* AFURLRequestSerialization.m */; };
		BC6279151847F24500FB0FDC /* AFURLResponseSerialization.m in Sources */ = {isa = PBXBuildFile; fileRef = BC62790B1847F24500FB0FDC /* AFURLResponseSerialization.m */; };
		BC6279161847F24500FB0FDC /* AFURLSessionManager.m in Sources */ = {isa = PBXBuildFile; fileRef = BC62790D1847F24500FB0FDC /* AFURLSessionManager.m */; };
		BC6279271847F25000FB0FDC /* AFNetworkActivityIndicatorManager.m in Sources */ = {isa = PBXBuildFile; fileRef = BC6279191847F25000FB0FDC /* AFNetworkActivityIndicatorManager.m */; };
		BC6279281847F25000FB0FDC /* UIActivityIndicatorView+AFNetworking.m in Sources */ = {isa = PBXBuildFile; fileRef = BC62791B1847F25000FB0FDC /* UIActivityIndicatorView+AFNetworking.m */; };
		BC6279291847F25000FB0FDC /* UIAlertView+AFNetworking.m in Sources */ = {isa = PBXBuildFile; fileRef = BC62791D1847F25000FB0FDC /* UIAlertView+AFNetworking.m */; };
		BC62792A1847F25000FB0FDC /* UIButton+AFNetworking.m in Sources */ = {isa = PBXBuildFile; fileRef = BC62791F1847F25000FB0FDC /* UIButton+AFNetworking.m */; };
		BC62792B1847F25000FB0FDC /* UIImageView+AFNetworking.m in Sources */ = {isa = PBXBuildFile; fileRef = BC6279211847F25000FB0FDC /* UIImageView+AFNetworking.m */; };
		BC62792C1847F25000FB0FDC /* UIProgressView+AFNetworking.m in Sources */ = {isa = PBXBuildFile; fileRef = BC6279241847F25000FB0FDC /* UIProgressView+AFNetworking.m */; };
		BC62792D1847F25000FB0FDC /* UIWebView+AFNetworking.m in Sources */ = {isa = PBXBuildFile; fileRef = BC6279261847F25000FB0FDC /* UIWebView+AFNetworking.m */; };
		BC6F4F8F163EE7C6000ACD96 /* KimaiUser.m in Sources */ = {isa = PBXBuildFile; fileRef = BC6F4F8E163EE7C6000ACD96 /* KimaiUser.m */; };
		BC87F09A16301FFA001BDF87 /* KimaiActiveRecording.m in Sources */ = {isa = PBXBuildFile; fileRef = BC87F09916301FFA001BDF87 /* KimaiActiveRecording.m */; };
		BC87F0DB16306DEB001BDF87 /* Security.framework in Frameworks */ = {isa = PBXBuildFile; fileRef = BC87F0DA16306DEB001BDF87 /* Security.framework */; };
		BC87F0FE163967F2001BDF87 /* CoreLocation.framework in Frameworks */ = {isa = PBXBuildFile; fileRef = BC87F0FD163967F2001BDF87 /* CoreLocation.framework */; };
		BC87F0FF163967F9001BDF87 /* CoreData.framework in Frameworks */ = {isa = PBXBuildFile; fileRef = BC928EE7162C3A8200685547 /* CoreData.framework */; };
		BC87F1021639683E001BDF87 /* KimaiLocationManager.m in Sources */ = {isa = PBXBuildFile; fileRef = BC87F1011639683E001BDF87 /* KimaiLocationManager.m */; };
		BC87F1771639767E001BDF87 /* KSReachability.m in Sources */ = {isa = PBXBuildFile; fileRef = BC87F1621639767E001BDF87 /* KSReachability.m */; };
		BC87F18616397A86001BDF87 /* SystemConfiguration.framework in Frameworks */ = {isa = PBXBuildFile; fileRef = BC87F18516397A85001BDF87 /* SystemConfiguration.framework */; };
		BC87F19C16398291001BDF87 /* CoreWLAN.framework in Frameworks */ = {isa = PBXBuildFile; fileRef = BC87F19B16398291001BDF87 /* CoreWLAN.framework */; };
		BC8BECF1165E5A9C004DAC63 /* TransparentView.m in Sources */ = {isa = PBXBuildFile; fileRef = BC8BECF0165E5A9C004DAC63 /* TransparentView.m */; };
		BC928EE4162C3A8200685547 /* Cocoa.framework in Frameworks */ = {isa = PBXBuildFile; fileRef = BC928EE3162C3A8200685547 /* Cocoa.framework */; };
		BC928EEE162C3A8200685547 /* InfoPlist.strings in Resources */ = {isa = PBXBuildFile; fileRef = BC928EEC162C3A8200685547 /* InfoPlist.strings */; };
		BC928EF0162C3A8200685547 /* main.m in Sources */ = {isa = PBXBuildFile; fileRef = BC928EEF162C3A8200685547 /* main.m */; };
		BC928EF4162C3A8200685547 /* Credits.rtf in Resources */ = {isa = PBXBuildFile; fileRef = BC928EF2162C3A8200685547 /* Credits.rtf */; };
		BC928EF7162C3A8200685547 /* BMAppDelegate.m in Sources */ = {isa = PBXBuildFile; fileRef = BC928EF6162C3A8200685547 /* BMAppDelegate.m */; };
		BC928EFA162C3A8200685547 /* MainMenu.xib in Resources */ = {isa = PBXBuildFile; fileRef = BC928EF8162C3A8200685547 /* MainMenu.xib */; };
		BC928EFD162C3A8200685547 /* kimai.xcdatamodeld in Sources */ = {isa = PBXBuildFile; fileRef = BC928EFB162C3A8200685547 /* kimai.xcdatamodeld */; };
		BC928F32162C3FCB00685547 /* WebKit.framework in Frameworks */ = {isa = PBXBuildFile; fileRef = BC928F31162C3FCB00685547 /* WebKit.framework */; };
		BC9815D4162F1B7B00886EBC /* Kimai.m in Sources */ = {isa = PBXBuildFile; fileRef = BC9815D1162F1B7B00886EBC /* Kimai.m */; };
		BC9815D5162F1B7B00886EBC /* KimaiProject.m in Sources */ = {isa = PBXBuildFile; fileRef = BC9815D3162F1B7B00886EBC /* KimaiProject.m */; };
		BC9815D8162F228B00886EBC /* JSONObject.m in Sources */ = {isa = PBXBuildFile; fileRef = BC9815D7162F228B00886EBC /* JSONObject.m */; };
		BC9815DB162F22C100886EBC /* KimaiTask.m in Sources */ = {isa = PBXBuildFile; fileRef = BC9815DA162F22C000886EBC /* KimaiTask.m */; };
		BCA2A5581641799E005F4C6C /* StartAtLoginController.m in Sources */ = {isa = PBXBuildFile; fileRef = BCA2A5551641799E005F4C6C /* StartAtLoginController.m */; };
		BCA2A55B164179E1005F4C6C /* ServiceManagement.framework in Frameworks */ = {isa = PBXBuildFile; fileRef = BCA2A55A164179E1005F4C6C /* ServiceManagement.framework */; };
		BCA2A56716417BB3005F4C6C /* Cocoa.framework in Frameworks */ = {isa = PBXBuildFile; fileRef = BC928EE3162C3A8200685547 /* Cocoa.framework */; };
		BCA2A57116417BB3005F4C6C /* InfoPlist.strings in Resources */ = {isa = PBXBuildFile; fileRef = BCA2A56F16417BB3005F4C6C /* InfoPlist.strings */; };
		BCA2A57316417BB3005F4C6C /* main.m in Sources */ = {isa = PBXBuildFile; fileRef = BCA2A57216417BB3005F4C6C /* main.m */; };
		BCA2A57A16417BB3005F4C6C /* BMAppDelegate.m in Sources */ = {isa = PBXBuildFile; fileRef = BCA2A57916417BB3005F4C6C /* BMAppDelegate.m */; };
		BCA2A57D16417BB3005F4C6C /* MainMenu.xib in Resources */ = {isa = PBXBuildFile; fileRef = BCA2A57B16417BB3005F4C6C /* MainMenu.xib */; };
		BCA2A58216417BF6005F4C6C /* TimeTrackerLoginHelper.app in CopyFiles */ = {isa = PBXBuildFile; fileRef = BCA2A56516417BB3005F4C6C /* TimeTrackerLoginHelper.app */; };
		BCAF8609180337E300B82FE2 /* Images.xcassets in Resources */ = {isa = PBXBuildFile; fileRef = BCAF8608180337E300B82FE2 /* Images.xcassets */; };
		BCAF86131803DDFF00B82FE2 /* stop.png in Resources */ = {isa = PBXBuildFile; fileRef = BCAF86111803DDFF00B82FE2 /* stop.png */; };
		BCAF86141803DDFF00B82FE2 /* stop@2x.png in Resources */ = {isa = PBXBuildFile; fileRef = BCAF86121803DDFF00B82FE2 /* stop@2x.png */; };
		BCC3B0DC164EE1A400317FCE /* TransparentWindow.m in Sources */ = {isa = PBXBuildFile; fileRef = BCC3B0DB164EE1A400317FCE /* TransparentWindow.m */; };
		BCDAC072184B8D2B0064DD1B /* BMApplication.m in Sources */ = {isa = PBXBuildFile; fileRef = BCDAC06B184B8D2B0064DD1B /* BMApplication.m */; };
		BCDAC073184B8D2B0064DD1B /* BMApplicationWindow.m in Sources */ = {isa = PBXBuildFile; fileRef = BCDAC06D184B8D2B0064DD1B /* BMApplicationWindow.m */; };
		BCDAC075184B8D2B0064DD1B /* RunningApplicationsController.m in Sources */ = {isa = PBXBuildFile; fileRef = BCDAC071184B8D2B0064DD1B /* RunningApplicationsController.m */; };
		BCDAC07C184B8D8F0064DD1B /* timetracker.xcdatamodeld in Sources */ = {isa = PBXBuildFile; fileRef = BCDAC078184B8D8F0064DD1B /* timetracker.xcdatamodeld */; };
		BCDAC080184B8D990064DD1B /* BMiCalExport.m in Sources */ = {isa = PBXBuildFile; fileRef = BCDAC07F184B8D990064DD1B /* BMiCalExport.m */; };
/* End PBXBuildFile section */

/* Begin PBXCopyFilesBuildPhase section */
		BCA2A58116417BCC005F4C6C /* CopyFiles */ = {
			isa = PBXCopyFilesBuildPhase;
			buildActionMask = 2147483647;
			dstPath = Contents/Library/LoginItems;
			dstSubfolderSpec = 1;
			files = (
				BCA2A58216417BF6005F4C6C /* TimeTrackerLoginHelper.app in CopyFiles */,
			);
			runOnlyForDeploymentPostprocessing = 0;
		};
/* End PBXCopyFilesBuildPhase section */

/* Begin PBXFileReference section */
		BC09312416580A7200E1B87F /* MASPreferencesViewController.h */ = {isa = PBXFileReference; fileEncoding = 4; lastKnownFileType = sourcecode.c.h; path = MASPreferencesViewController.h; sourceTree = "<group>"; };
		BC09312516580A7200E1B87F /* MASPreferencesWindow.xib */ = {isa = PBXFileReference; fileEncoding = 4; lastKnownFileType = file.xib; path = MASPreferencesWindow.xib; sourceTree = "<group>"; };
		BC09312616580A7200E1B87F /* MASPreferencesWindowController.h */ = {isa = PBXFileReference; fileEncoding = 4; lastKnownFileType = sourcecode.c.h; path = MASPreferencesWindowController.h; sourceTree = "<group>"; };
		BC09312716580A7200E1B87F /* MASPreferencesWindowController.m */ = {isa = PBXFileReference; fileEncoding = 4; lastKnownFileType = sourcecode.c.objc; path = MASPreferencesWindowController.m; sourceTree = "<group>"; };
		BC09314816580B2900E1B87F /* AdvancedPreferencesView.xib */ = {isa = PBXFileReference; fileEncoding = 4; lastKnownFileType = file.xib; path = AdvancedPreferencesView.xib; sourceTree = "<group>"; };
		BC09314916580B2900E1B87F /* AccountPreferencesViewController.h */ = {isa = PBXFileReference; fileEncoding = 4; lastKnownFileType = sourcecode.c.h; path = AccountPreferencesViewController.h; sourceTree = "<group>"; };
		BC09314A16580B2900E1B87F /* AccountPreferencesViewController.m */ = {isa = PBXFileReference; fileEncoding = 4; lastKnownFileType = sourcecode.c.objc; path = AccountPreferencesViewController.m; sourceTree = "<group>"; };
		BC09315216580B2900E1B87F /* GeneralPreferencesViewController.h */ = {isa = PBXFileReference; fileEncoding = 4; lastKnownFileType = sourcecode.c.h; path = GeneralPreferencesViewController.h; sourceTree = "<group>"; };
		BC09315316580B2900E1B87F /* GeneralPreferencesViewController.m */ = {isa = PBXFileReference; fileEncoding = 4; lastKnownFileType = sourcecode.c.objc; path = GeneralPreferencesViewController.m; sourceTree = "<group>"; };
		BC09316F165821FF00E1B87F /* GeneralPreferencesViewController.xib */ = {isa = PBXFileReference; fileEncoding = 4; lastKnownFileType = file.xib; path = GeneralPreferencesViewController.xib; sourceTree = "<group>"; };
		BC262DC2165045D300E974AF /* BMTimeFormatter.h */ = {isa = PBXFileReference; fileEncoding = 4; lastKnownFileType = sourcecode.c.h; path = BMTimeFormatter.h; sourceTree = "<group>"; };
		BC262DC3165045D300E974AF /* BMTimeFormatter.m */ = {isa = PBXFileReference; fileEncoding = 4; lastKnownFileType = sourcecode.c.objc; path = BMTimeFormatter.m; sourceTree = "<group>"; };
		BC262DC6165048D500E974AF /* BMCredentials.h */ = {isa = PBXFileReference; fileEncoding = 4; lastKnownFileType = sourcecode.c.h; path = BMCredentials.h; sourceTree = "<group>"; };
		BC262DC7165048D500E974AF /* BMCredentials.m */ = {isa = PBXFileReference; fileEncoding = 4; lastKnownFileType = sourcecode.c.objc; path = BMCredentials.m; sourceTree = "<group>"; };
		BC35792C162DC10600F1BFAE /* DSARCHelpers.h */ = {isa = PBXFileReference; fileEncoding = 4; lastKnownFileType = sourcecode.c.h; path = DSARCHelpers.h; sourceTree = "<group>"; };
		BC35792D162DC10600F1BFAE /* DSJSONRPC.h */ = {isa = PBXFileReference; fileEncoding = 4; lastKnownFileType = sourcecode.c.h; path = DSJSONRPC.h; sourceTree = "<group>"; };
		BC35792E162DC10600F1BFAE /* DSJSONRPC.m */ = {isa = PBXFileReference; fileEncoding = 4; lastKnownFileType = sourcecode.c.objc; path = DSJSONRPC.m; sourceTree = "<group>"; };
		BC35792F162DC10600F1BFAE /* DSJSONRPCError.h */ = {isa = PBXFileReference; fileEncoding = 4; lastKnownFileType = sourcecode.c.h; path = DSJSONRPCError.h; sourceTree = "<group>"; };
		BC357930162DC10600F1BFAE /* DSJSONRPCError.m */ = {isa = PBXFileReference; fileEncoding = 4; lastKnownFileType = sourcecode.c.objc; path = DSJSONRPCError.m; sourceTree = "<group>"; };
		BC3AC595164BB83500794C05 /* SSKeychain.h */ = {isa = PBXFileReference; fileEncoding = 4; lastKnownFileType = sourcecode.c.h; path = SSKeychain.h; sourceTree = "<group>"; };
		BC3AC596164BB83500794C05 /* SSKeychain.m */ = {isa = PBXFileReference; fileEncoding = 4; lastKnownFileType = sourcecode.c.objc; path = SSKeychain.m; sourceTree = "<group>"; };
		BC41C9F8184793A40076EA3A /* kimai_logo.png */ = {isa = PBXFileReference; lastKnownFileType = image.png; path = kimai_logo.png; sourceTree = "<group>"; };
		BC46C8DF163DDD8A00C9520D /* KimaiTimesheetRecord.h */ = {isa = PBXFileReference; fileEncoding = 4; lastKnownFileType = sourcecode.c.h; path = KimaiTimesheetRecord.h; sourceTree = "<group>"; };
		BC46C8E0163DDD8A00C9520D /* KimaiTimesheetRecord.m */ = {isa = PBXFileReference; fileEncoding = 4; lastKnownFileType = sourcecode.c.objc; path = KimaiTimesheetRecord.m; sourceTree = "<group>"; };
		BC4B4D36162DC467000AE55E /* JSONKit.h */ = {isa = PBXFileReference; fileEncoding = 4; lastKnownFileType = sourcecode.c.h; path = JSONKit.h; sourceTree = "<group>"; };
		BC4B4D37162DC467000AE55E /* JSONKit.m */ = {isa = PBXFileReference; fileEncoding = 4; lastKnownFileType = sourcecode.c.objc; path = JSONKit.m; sourceTree = "<group>"; };
		BC4DD26B1641A92A00E8F692 /* Kimai.entitlements */ = {isa = PBXFileReference; lastKnownFileType = text.xml; name = Kimai.entitlements; path = Kimai/Kimai.entitlements; sourceTree = SOURCE_ROOT; };
		BC6278FB1847F24500FB0FDC /* AFHTTPRequestOperation.h */ = {isa = PBXFileReference; fileEncoding = 4; lastKnownFileType = sourcecode.c.h; path = AFHTTPRequestOperation.h; sourceTree = "<group>"; };
		BC6278FC1847F24500FB0FDC /* AFHTTPRequestOperation.m */ = {isa = PBXFileReference; fileEncoding = 4; lastKnownFileType = sourcecode.c.objc; path = AFHTTPRequestOperation.m; sourceTree = "<group>"; };
		BC6278FD1847F24500FB0FDC /* AFHTTPRequestOperationManager.h */ = {isa = PBXFileReference; fileEncoding = 4; lastKnownFileType = sourcecode.c.h; path = AFHTTPRequestOperationManager.h; sourceTree = "<group>"; };
		BC6278FE1847F24500FB0FDC /* AFHTTPRequestOperationManager.m */ = {isa = PBXFileReference; fileEncoding = 4; lastKnownFileType = sourcecode.c.objc; path = AFHTTPRequestOperationManager.m; sourceTree = "<group>"; };
		BC6278FF1847F24500FB0FDC /* AFHTTPSessionManager.h */ = {isa = PBXFileReference; fileEncoding = 4; lastKnownFileType = sourcecode.c.h; path = AFHTTPSessionManager.h; sourceTree = "<group>"; };
		BC6279001847F24500FB0FDC /* AFHTTPSessionManager.m */ = {isa = PBXFileReference; fileEncoding = 4; lastKnownFileType = sourcecode.c.objc; path = AFHTTPSessionManager.m; sourceTree = "<group>"; };
		BC6279011847F24500FB0FDC /* AFNetworking.h */ = {isa = PBXFileReference; fileEncoding = 4; lastKnownFileType = sourcecode.c.h; path = AFNetworking.h; sourceTree = "<group>"; };
		BC6279021847F24500FB0FDC /* AFNetworkReachabilityManager.h */ = {isa = PBXFileReference; fileEncoding = 4; lastKnownFileType = sourcecode.c.h; path = AFNetworkReachabilityManager.h; sourceTree = "<group>"; };
		BC6279031847F24500FB0FDC /* AFNetworkReachabilityManager.m */ = {isa = PBXFileReference; fileEncoding = 4; lastKnownFileType = sourcecode.c.objc; path = AFNetworkReachabilityManager.m; sourceTree = "<group>"; };
		BC6279041847F24500FB0FDC /* AFSecurityPolicy.h */ = {isa = PBXFileReference; fileEncoding = 4; lastKnownFileType = sourcecode.c.h; path = AFSecurityPolicy.h; sourceTree = "<group>"; };
		BC6279051847F24500FB0FDC /* AFSecurityPolicy.m */ = {isa = PBXFileReference; fileEncoding = 4; lastKnownFileType = sourcecode.c.objc; path = AFSecurityPolicy.m; sourceTree = "<group>"; };
		BC6279061847F24500FB0FDC /* AFURLConnectionOperation.h */ = {isa = PBXFileReference; fileEncoding = 4; lastKnownFileType = sourcecode.c.h; path = AFURLConnectionOperation.h; sourceTree = "<group>"; };
		BC6279071847F24500FB0FDC /* AFURLConnectionOperation.m */ = {isa = PBXFileReference; fileEncoding = 4; lastKnownFileType = sourcecode.c.objc; path = AFURLConnectionOperation.m; sourceTree = "<group>"; };
		BC6279081847F24500FB0FDC /* AFURLRequestSerialization.h */ = {isa = PBXFileReference; fileEncoding = 4; lastKnownFileType = sourcecode.c.h; path = AFURLRequestSerialization.h; sourceTree = "<group>"; };
		BC6279091847F24500FB0FDC /* AFURLRequestSerialization.m */ = {isa = PBXFileReference; fileEncoding = 4; lastKnownFileType = sourcecode.c.objc; path = AFURLRequestSerialization.m; sourceTree = "<group>"; };
		BC62790A1847F24500FB0FDC /* AFURLResponseSerialization.h */ = {isa = PBXFileReference; fileEncoding = 4; lastKnownFileType = sourcecode.c.h; path = AFURLResponseSerialization.h; sourceTree = "<group>"; };
		BC62790B1847F24500FB0FDC /* AFURLResponseSerialization.m */ = {isa = PBXFileReference; fileEncoding = 4; lastKnownFileType = sourcecode.c.objc; path = AFURLResponseSerialization.m; sourceTree = "<group>"; };
		BC62790C1847F24500FB0FDC /* AFURLSessionManager.h */ = {isa = PBXFileReference; fileEncoding = 4; lastKnownFileType = sourcecode.c.h; path = AFURLSessionManager.h; sourceTree = "<group>"; };
		BC62790D1847F24500FB0FDC /* AFURLSessionManager.m */ = {isa = PBXFileReference; fileEncoding = 4; lastKnownFileType = sourcecode.c.objc; path = AFURLSessionManager.m; sourceTree = "<group>"; };
		BC6279181847F25000FB0FDC /* AFNetworkActivityIndicatorManager.h */ = {isa = PBXFileReference; fileEncoding = 4; lastKnownFileType = sourcecode.c.h; path = AFNetworkActivityIndicatorManager.h; sourceTree = "<group>"; };
		BC6279191847F25000FB0FDC /* AFNetworkActivityIndicatorManager.m */ = {isa = PBXFileReference; fileEncoding = 4; lastKnownFileType = sourcecode.c.objc; path = AFNetworkActivityIndicatorManager.m; sourceTree = "<group>"; };
		BC62791A1847F25000FB0FDC /* UIActivityIndicatorView+AFNetworking.h */ = {isa = PBXFileReference; fileEncoding = 4; lastKnownFileType = sourcecode.c.h; path = "UIActivityIndicatorView+AFNetworking.h"; sourceTree = "<group>"; };
		BC62791B1847F25000FB0FDC /* UIActivityIndicatorView+AFNetworking.m */ = {isa = PBXFileReference; fileEncoding = 4; lastKnownFileType = sourcecode.c.objc; path = "UIActivityIndicatorView+AFNetworking.m"; sourceTree = "<group>"; };
		BC62791C1847F25000FB0FDC /* UIAlertView+AFNetworking.h */ = {isa = PBXFileReference; fileEncoding = 4; lastKnownFileType = sourcecode.c.h; path = "UIAlertView+AFNetworking.h"; sourceTree = "<group>"; };
		BC62791D1847F25000FB0FDC /* UIAlertView+AFNetworking.m */ = {isa = PBXFileReference; fileEncoding = 4; lastKnownFileType = sourcecode.c.objc; path = "UIAlertView+AFNetworking.m"; sourceTree = "<group>"; };
		BC62791E1847F25000FB0FDC /* UIButton+AFNetworking.h */ = {isa = PBXFileReference; fileEncoding = 4; lastKnownFileType = sourcecode.c.h; path = "UIButton+AFNetworking.h"; sourceTree = "<group>"; };
		BC62791F1847F25000FB0FDC /* UIButton+AFNetworking.m */ = {isa = PBXFileReference; fileEncoding = 4; lastKnownFileType = sourcecode.c.objc; path = "UIButton+AFNetworking.m"; sourceTree = "<group>"; };
		BC6279201847F25000FB0FDC /* UIImageView+AFNetworking.h */ = {isa = PBXFileReference; fileEncoding = 4; lastKnownFileType = sourcecode.c.h; path = "UIImageView+AFNetworking.h"; sourceTree = "<group>"; };
		BC6279211847F25000FB0FDC /* UIImageView+AFNetworking.m */ = {isa = PBXFileReference; fileEncoding = 4; lastKnownFileType = sourcecode.c.objc; path = "UIImageView+AFNetworking.m"; sourceTree = "<group>"; };
		BC6279221847F25000FB0FDC /* UIKit+AFNetworking.h */ = {isa = PBXFileReference; fileEncoding = 4; lastKnownFileType = sourcecode.c.h; path = "UIKit+AFNetworking.h"; sourceTree = "<group>"; };
		BC6279231847F25000FB0FDC /* UIProgressView+AFNetworking.h */ = {isa = PBXFileReference; fileEncoding = 4; lastKnownFileType = sourcecode.c.h; path = "UIProgressView+AFNetworking.h"; sourceTree = "<group>"; };
		BC6279241847F25000FB0FDC /* UIProgressView+AFNetworking.m */ = {isa = PBXFileReference; fileEncoding = 4; lastKnownFileType = sourcecode.c.objc; path = "UIProgressView+AFNetworking.m"; sourceTree = "<group>"; };
		BC6279251847F25000FB0FDC /* UIWebView+AFNetworking.h */ = {isa = PBXFileReference; fileEncoding = 4; lastKnownFileType = sourcecode.c.h; path = "UIWebView+AFNetworking.h"; sourceTree = "<group>"; };
		BC6279261847F25000FB0FDC /* UIWebView+AFNetworking.m */ = {isa = PBXFileReference; fileEncoding = 4; lastKnownFileType = sourcecode.c.objc; path = "UIWebView+AFNetworking.m"; sourceTree = "<group>"; };
		BC6F4F8D163EE7C6000ACD96 /* KimaiUser.h */ = {isa = PBXFileReference; fileEncoding = 4; lastKnownFileType = sourcecode.c.h; path = KimaiUser.h; sourceTree = "<group>"; };
		BC6F4F8E163EE7C6000ACD96 /* KimaiUser.m */ = {isa = PBXFileReference; fileEncoding = 4; lastKnownFileType = sourcecode.c.objc; path = KimaiUser.m; sourceTree = "<group>"; };
		BC87F09816301FFA001BDF87 /* KimaiActiveRecording.h */ = {isa = PBXFileReference; fileEncoding = 4; lastKnownFileType = sourcecode.c.h; path = KimaiActiveRecording.h; sourceTree = "<group>"; };
		BC87F09916301FFA001BDF87 /* KimaiActiveRecording.m */ = {isa = PBXFileReference; fileEncoding = 4; lastKnownFileType = sourcecode.c.objc; path = KimaiActiveRecording.m; sourceTree = "<group>"; };
		BC87F0B91630670A001BDF87 /* Kimai-Prefix.pch */ = {isa = PBXFileReference; fileEncoding = 4; lastKnownFileType = sourcecode.c.h; path = "Kimai-Prefix.pch"; sourceTree = "<group>"; };
		BC87F0DA16306DEB001BDF87 /* Security.framework */ = {isa = PBXFileReference; lastKnownFileType = wrapper.framework; name = Security.framework; path = System/Library/Frameworks/Security.framework; sourceTree = SDKROOT; };
		BC87F0FD163967F2001BDF87 /* CoreLocation.framework */ = {isa = PBXFileReference; lastKnownFileType = wrapper.framework; name = CoreLocation.framework; path = System/Library/Frameworks/CoreLocation.framework; sourceTree = SDKROOT; };
		BC87F1001639683E001BDF87 /* KimaiLocationManager.h */ = {isa = PBXFileReference; fileEncoding = 4; lastKnownFileType = sourcecode.c.h; name = KimaiLocationManager.h; path = Location/KimaiLocationManager.h; sourceTree = "<group>"; };
		BC87F1011639683E001BDF87 /* KimaiLocationManager.m */ = {isa = PBXFileReference; fileEncoding = 4; lastKnownFileType = sourcecode.c.objc; name = KimaiLocationManager.m; path = Location/KimaiLocationManager.m; sourceTree = "<group>"; };
		BC87F1611639767E001BDF87 /* KSReachability.h */ = {isa = PBXFileReference; fileEncoding = 4; lastKnownFileType = sourcecode.c.h; path = KSReachability.h; sourceTree = "<group>"; };
		BC87F1621639767E001BDF87 /* KSReachability.m */ = {isa = PBXFileReference; fileEncoding = 4; lastKnownFileType = sourcecode.c.objc; path = KSReachability.m; sourceTree = "<group>"; };
		BC87F18516397A85001BDF87 /* SystemConfiguration.framework */ = {isa = PBXFileReference; lastKnownFileType = wrapper.framework; name = SystemConfiguration.framework; path = System/Library/Frameworks/SystemConfiguration.framework; sourceTree = SDKROOT; };
		BC87F19B16398291001BDF87 /* CoreWLAN.framework */ = {isa = PBXFileReference; lastKnownFileType = wrapper.framework; name = CoreWLAN.framework; path = System/Library/Frameworks/CoreWLAN.framework; sourceTree = SDKROOT; };
		BC8BECEF165E5A9C004DAC63 /* TransparentView.h */ = {isa = PBXFileReference; fileEncoding = 4; lastKnownFileType = sourcecode.c.h; path = TransparentView.h; sourceTree = "<group>"; };
		BC8BECF0165E5A9C004DAC63 /* TransparentView.m */ = {isa = PBXFileReference; fileEncoding = 4; lastKnownFileType = sourcecode.c.objc; path = TransparentView.m; sourceTree = "<group>"; };
		BC928EDF162C3A8200685547 /* TimeTracker.app */ = {isa = PBXFileReference; explicitFileType = wrapper.application; includeInIndex = 0; path = TimeTracker.app; sourceTree = BUILT_PRODUCTS_DIR; };
		BC928EE3162C3A8200685547 /* Cocoa.framework */ = {isa = PBXFileReference; lastKnownFileType = wrapper.framework; name = Cocoa.framework; path = System/Library/Frameworks/Cocoa.framework; sourceTree = SDKROOT; };
		BC928EE6162C3A8200685547 /* AppKit.framework */ = {isa = PBXFileReference; lastKnownFileType = wrapper.framework; name = AppKit.framework; path = System/Library/Frameworks/AppKit.framework; sourceTree = SDKROOT; };
		BC928EE7162C3A8200685547 /* CoreData.framework */ = {isa = PBXFileReference; lastKnownFileType = wrapper.framework; name = CoreData.framework; path = System/Library/Frameworks/CoreData.framework; sourceTree = SDKROOT; };
		BC928EE8162C3A8200685547 /* Foundation.framework */ = {isa = PBXFileReference; lastKnownFileType = wrapper.framework; name = Foundation.framework; path = System/Library/Frameworks/Foundation.framework; sourceTree = SDKROOT; };
		BC928EEB162C3A8200685547 /* Kimai-Info.plist */ = {isa = PBXFileReference; lastKnownFileType = text.plist.xml; path = "Kimai-Info.plist"; sourceTree = "<group>"; };
		BC928EED162C3A8200685547 /* en */ = {isa = PBXFileReference; lastKnownFileType = text.plist.strings; name = en; path = en.lproj/InfoPlist.strings; sourceTree = "<group>"; };
		BC928EEF162C3A8200685547 /* main.m */ = {isa = PBXFileReference; lastKnownFileType = sourcecode.c.objc; path = main.m; sourceTree = "<group>"; };
		BC928EF3162C3A8200685547 /* en */ = {isa = PBXFileReference; lastKnownFileType = text.rtf; name = en; path = en.lproj/Credits.rtf; sourceTree = "<group>"; };
		BC928EF5162C3A8200685547 /* BMAppDelegate.h */ = {isa = PBXFileReference; lastKnownFileType = sourcecode.c.h; path = BMAppDelegate.h; sourceTree = "<group>"; };
		BC928EF6162C3A8200685547 /* BMAppDelegate.m */ = {isa = PBXFileReference; lastKnownFileType = sourcecode.c.objc; path = BMAppDelegate.m; sourceTree = "<group>"; };
		BC928EF9162C3A8200685547 /* en */ = {isa = PBXFileReference; lastKnownFileType = file.xib; name = en; path = en.lproj/MainMenu.xib; sourceTree = "<group>"; };
		BC928EFC162C3A8200685547 /* kimai.xcdatamodel */ = {isa = PBXFileReference; lastKnownFileType = wrapper.xcdatamodel; path = kimai.xcdatamodel; sourceTree = "<group>"; };
		BC928F31162C3FCB00685547 /* WebKit.framework */ = {isa = PBXFileReference; lastKnownFileType = wrapper.framework; name = WebKit.framework; path = System/Library/Frameworks/WebKit.framework; sourceTree = SDKROOT; };
		BC9815D0162F1B7B00886EBC /* Kimai.h */ = {isa = PBXFileReference; fileEncoding = 4; lastKnownFileType = sourcecode.c.h; path = Kimai.h; sourceTree = "<group>"; };
		BC9815D1162F1B7B00886EBC /* Kimai.m */ = {isa = PBXFileReference; fileEncoding = 4; lastKnownFileType = sourcecode.c.objc; path = Kimai.m; sourceTree = "<group>"; };
		BC9815D2162F1B7B00886EBC /* KimaiProject.h */ = {isa = PBXFileReference; fileEncoding = 4; lastKnownFileType = sourcecode.c.h; path = KimaiProject.h; sourceTree = "<group>"; };
		BC9815D3162F1B7B00886EBC /* KimaiProject.m */ = {isa = PBXFileReference; fileEncoding = 4; lastKnownFileType = sourcecode.c.objc; path = KimaiProject.m; sourceTree = "<group>"; };
		BC9815D6162F228B00886EBC /* JSONObject.h */ = {isa = PBXFileReference; fileEncoding = 4; lastKnownFileType = sourcecode.c.h; path = JSONObject.h; sourceTree = "<group>"; };
		BC9815D7162F228B00886EBC /* JSONObject.m */ = {isa = PBXFileReference; fileEncoding = 4; lastKnownFileType = sourcecode.c.objc; path = JSONObject.m; sourceTree = "<group>"; };
		BC9815D9162F22C000886EBC /* KimaiTask.h */ = {isa = PBXFileReference; fileEncoding = 4; lastKnownFileType = sourcecode.c.h; path = KimaiTask.h; sourceTree = "<group>"; };
		BC9815DA162F22C000886EBC /* KimaiTask.m */ = {isa = PBXFileReference; fileEncoding = 4; lastKnownFileType = sourcecode.c.objc; path = KimaiTask.m; sourceTree = "<group>"; };
		BCA2A5541641799E005F4C6C /* StartAtLoginController.h */ = {isa = PBXFileReference; fileEncoding = 4; lastKnownFileType = sourcecode.c.h; path = StartAtLoginController.h; sourceTree = "<group>"; };
		BCA2A5551641799E005F4C6C /* StartAtLoginController.m */ = {isa = PBXFileReference; fileEncoding = 4; lastKnownFileType = sourcecode.c.objc; path = StartAtLoginController.m; sourceTree = "<group>"; };
		BCA2A55A164179E1005F4C6C /* ServiceManagement.framework */ = {isa = PBXFileReference; lastKnownFileType = wrapper.framework; name = ServiceManagement.framework; path = System/Library/Frameworks/ServiceManagement.framework; sourceTree = SDKROOT; };
		BCA2A56516417BB3005F4C6C /* TimeTrackerLoginHelper.app */ = {isa = PBXFileReference; explicitFileType = wrapper.application; includeInIndex = 0; path = TimeTrackerLoginHelper.app; sourceTree = BUILT_PRODUCTS_DIR; };
		BCA2A56916417BB3005F4C6C /* AppKit.framework */ = {isa = PBXFileReference; lastKnownFileType = wrapper.framework; name = AppKit.framework; path = System/Library/Frameworks/AppKit.framework; sourceTree = SDKROOT; };
		BCA2A56A16417BB3005F4C6C /* CoreData.framework */ = {isa = PBXFileReference; lastKnownFileType = wrapper.framework; name = CoreData.framework; path = System/Library/Frameworks/CoreData.framework; sourceTree = SDKROOT; };
		BCA2A56B16417BB3005F4C6C /* Foundation.framework */ = {isa = PBXFileReference; lastKnownFileType = wrapper.framework; name = Foundation.framework; path = System/Library/Frameworks/Foundation.framework; sourceTree = SDKROOT; };
		BCA2A56E16417BB3005F4C6C /* Info.plist */ = {isa = PBXFileReference; lastKnownFileType = text.plist.xml; path = Info.plist; sourceTree = "<group>"; };
		BCA2A57016417BB3005F4C6C /* en */ = {isa = PBXFileReference; lastKnownFileType = text.plist.strings; name = en; path = en.lproj/InfoPlist.strings; sourceTree = "<group>"; };
		BCA2A57216417BB3005F4C6C /* main.m */ = {isa = PBXFileReference; lastKnownFileType = sourcecode.c.objc; path = main.m; sourceTree = "<group>"; };
		BCA2A57416417BB3005F4C6C /* KimaiLoginHelper-Prefix.pch */ = {isa = PBXFileReference; lastKnownFileType = sourcecode.c.h; path = "KimaiLoginHelper-Prefix.pch"; sourceTree = "<group>"; };
		BCA2A57816417BB3005F4C6C /* BMAppDelegate.h */ = {isa = PBXFileReference; lastKnownFileType = sourcecode.c.h; path = BMAppDelegate.h; sourceTree = "<group>"; };
		BCA2A57916417BB3005F4C6C /* BMAppDelegate.m */ = {isa = PBXFileReference; lastKnownFileType = sourcecode.c.objc; path = BMAppDelegate.m; sourceTree = "<group>"; };
		BCA2A57C16417BB3005F4C6C /* en */ = {isa = PBXFileReference; lastKnownFileType = file.xib; name = en; path = en.lproj/MainMenu.xib; sourceTree = "<group>"; };
		BCAF8608180337E300B82FE2 /* Images.xcassets */ = {isa = PBXFileReference; lastKnownFileType = folder.assetcatalog; name = Images.xcassets; path = Kimai/Images.xcassets; sourceTree = SOURCE_ROOT; };
		BCAF86111803DDFF00B82FE2 /* stop.png */ = {isa = PBXFileReference; lastKnownFileType = image.png; path = stop.png; sourceTree = "<group>"; };
		BCAF86121803DDFF00B82FE2 /* stop@2x.png */ = {isa = PBXFileReference; lastKnownFileType = image.png; path = "stop@2x.png"; sourceTree = "<group>"; };
		BCC3B0DA164EE1A400317FCE /* TransparentWindow.h */ = {isa = PBXFileReference; fileEncoding = 4; lastKnownFileType = sourcecode.c.h; path = TransparentWindow.h; sourceTree = "<group>"; };
		BCC3B0DB164EE1A400317FCE /* TransparentWindow.m */ = {isa = PBXFileReference; fileEncoding = 4; lastKnownFileType = sourcecode.c.objc; path = TransparentWindow.m; sourceTree = "<group>"; };
		BCDAC06A184B8D2B0064DD1B /* BMApplication.h */ = {isa = PBXFileReference; fileEncoding = 4; lastKnownFileType = sourcecode.c.h; path = BMApplication.h; sourceTree = "<group>"; };
		BCDAC06B184B8D2B0064DD1B /* BMApplication.m */ = {isa = PBXFileReference; fileEncoding = 4; lastKnownFileType = sourcecode.c.objc; path = BMApplication.m; sourceTree = "<group>"; };
		BCDAC06C184B8D2B0064DD1B /* BMApplicationWindow.h */ = {isa = PBXFileReference; fileEncoding = 4; lastKnownFileType = sourcecode.c.h; path = BMApplicationWindow.h; sourceTree = "<group>"; };
		BCDAC06D184B8D2B0064DD1B /* BMApplicationWindow.m */ = {isa = PBXFileReference; fileEncoding = 4; lastKnownFileType = sourcecode.c.objc; path = BMApplicationWindow.m; sourceTree = "<group>"; };
		BCDAC070184B8D2B0064DD1B /* RunningApplicationsController.h */ = {isa = PBXFileReference; fileEncoding = 4; lastKnownFileType = sourcecode.c.h; path = RunningApplicationsController.h; sourceTree = "<group>"; };
		BCDAC071184B8D2B0064DD1B /* RunningApplicationsController.m */ = {isa = PBXFileReference; fileEncoding = 4; lastKnownFileType = sourcecode.c.objc; path = RunningApplicationsController.m; sourceTree = "<group>"; };
		BCDAC079184B8D8F0064DD1B /* v1.xcdatamodel */ = {isa = PBXFileReference; lastKnownFileType = wrapper.xcdatamodel; path = v1.xcdatamodel; sourceTree = "<group>"; };
		BCDAC07A184B8D8F0064DD1B /* v2.xcdatamodel */ = {isa = PBXFileReference; lastKnownFileType = wrapper.xcdatamodel; path = v2.xcdatamodel; sourceTree = "<group>"; };
		BCDAC07E184B8D990064DD1B /* BMiCalExport.h */ = {isa = PBXFileReference; fileEncoding = 4; lastKnownFileType = sourcecode.c.h; path = BMiCalExport.h; sourceTree = "<group>"; };
		BCDAC07F184B8D990064DD1B /* BMiCalExport.m */ = {isa = PBXFileReference; fileEncoding = 4; lastKnownFileType = sourcecode.c.objc; path = BMiCalExport.m; sourceTree = "<group>"; };
/* End PBXFileReference section */

/* Begin PBXFrameworksBuildPhase section */
		BC928EDC162C3A8200685547 /* Frameworks */ = {
			isa = PBXFrameworksBuildPhase;
			buildActionMask = 2147483647;
			files = (
				BCA2A55B164179E1005F4C6C /* ServiceManagement.framework in Frameworks */,
				BC87F19C16398291001BDF87 /* CoreWLAN.framework in Frameworks */,
				BC87F18616397A86001BDF87 /* SystemConfiguration.framework in Frameworks */,
				BC87F0FE163967F2001BDF87 /* CoreLocation.framework in Frameworks */,
				BC87F0DB16306DEB001BDF87 /* Security.framework in Frameworks */,
				BC87F0FF163967F9001BDF87 /* CoreData.framework in Frameworks */,
				BC928F32162C3FCB00685547 /* WebKit.framework in Frameworks */,
				BC928EE4162C3A8200685547 /* Cocoa.framework in Frameworks */,
			);
			runOnlyForDeploymentPostprocessing = 0;
		};
		BCA2A56216417BB3005F4C6C /* Frameworks */ = {
			isa = PBXFrameworksBuildPhase;
			buildActionMask = 2147483647;
			files = (
				BCA2A56716417BB3005F4C6C /* Cocoa.framework in Frameworks */,
			);
			runOnlyForDeploymentPostprocessing = 0;
		};
/* End PBXFrameworksBuildPhase section */

/* Begin PBXGroup section */
		BC09312216580A7200E1B87F /* MASPreferences */ = {
			isa = PBXGroup;
			children = (
				BC09315E16580B3C00E1B87F /* General */,
				BC09315D16580B3400E1B87F /* Account */,
				BC09312416580A7200E1B87F /* MASPreferencesViewController.h */,
				BC09312616580A7200E1B87F /* MASPreferencesWindowController.h */,
				BC09312716580A7200E1B87F /* MASPreferencesWindowController.m */,
				BC09312516580A7200E1B87F /* MASPreferencesWindow.xib */,
			);
			path = MASPreferences;
			sourceTree = SOURCE_ROOT;
		};
		BC09315D16580B3400E1B87F /* Account */ = {
			isa = PBXGroup;
			children = (
				BC09314916580B2900E1B87F /* AccountPreferencesViewController.h */,
				BC09314A16580B2900E1B87F /* AccountPreferencesViewController.m */,
				BC09314816580B2900E1B87F /* AdvancedPreferencesView.xib */,
			);
			name = Account;
			path = ../Preferences;
			sourceTree = "<group>";
		};
		BC09315E16580B3C00E1B87F /* General */ = {
			isa = PBXGroup;
			children = (
				BC09315216580B2900E1B87F /* GeneralPreferencesViewController.h */,
				BC09315316580B2900E1B87F /* GeneralPreferencesViewController.m */,
				BC09316F165821FF00E1B87F /* GeneralPreferencesViewController.xib */,
			);
			name = General;
			path = ../Preferences;
			sourceTree = "<group>";
		};
		BC35792B162DC10600F1BFAE /* DSJSONRPC */ = {
			isa = PBXGroup;
			children = (
				BC35792C162DC10600F1BFAE /* DSARCHelpers.h */,
				BC35792D162DC10600F1BFAE /* DSJSONRPC.h */,
				BC35792E162DC10600F1BFAE /* DSJSONRPC.m */,
				BC35792F162DC10600F1BFAE /* DSJSONRPCError.h */,
				BC357930162DC10600F1BFAE /* DSJSONRPCError.m */,
			);
			name = DSJSONRPC;
			path = "Demiurgic-JSON-RPC/DSJSONRPC";
			sourceTree = SOURCE_ROOT;
		};
		BC3AC58F164BB83500794C05 /* sskeychain */ = {
			isa = PBXGroup;
			children = (
				BC3AC595164BB83500794C05 /* SSKeychain.h */,
				BC3AC596164BB83500794C05 /* SSKeychain.m */,
			);
			name = sskeychain;
			path = ../iOS/sskeychain;
			sourceTree = "<group>";
		};
		BC4B4D34162DC467000AE55E /* JSONKit */ = {
			isa = PBXGroup;
			children = (
				BC4B4D36162DC467000AE55E /* JSONKit.h */,
				BC4B4D37162DC467000AE55E /* JSONKit.m */,
			);
			path = JSONKit;
			sourceTree = SOURCE_ROOT;
		};
		BC6278FA1847F24500FB0FDC /* AFNetworking */ = {
			isa = PBXGroup;
			children = (
				BC6278FB1847F24500FB0FDC /* AFHTTPRequestOperation.h */,
				BC6278FC1847F24500FB0FDC /* AFHTTPRequestOperation.m */,
				BC6278FD1847F24500FB0FDC /* AFHTTPRequestOperationManager.h */,
				BC6278FE1847F24500FB0FDC /* AFHTTPRequestOperationManager.m */,
				BC6278FF1847F24500FB0FDC /* AFHTTPSessionManager.h */,
				BC6279001847F24500FB0FDC /* AFHTTPSessionManager.m */,
				BC6279011847F24500FB0FDC /* AFNetworking.h */,
				BC6279021847F24500FB0FDC /* AFNetworkReachabilityManager.h */,
				BC6279031847F24500FB0FDC /* AFNetworkReachabilityManager.m */,
				BC6279041847F24500FB0FDC /* AFSecurityPolicy.h */,
				BC6279051847F24500FB0FDC /* AFSecurityPolicy.m */,
				BC6279061847F24500FB0FDC /* AFURLConnectionOperation.h */,
				BC6279071847F24500FB0FDC /* AFURLConnectionOperation.m */,
				BC6279081847F24500FB0FDC /* AFURLRequestSerialization.h */,
				BC6279091847F24500FB0FDC /* AFURLRequestSerialization.m */,
				BC62790A1847F24500FB0FDC /* AFURLResponseSerialization.h */,
				BC62790B1847F24500FB0FDC /* AFURLResponseSerialization.m */,
				BC62790C1847F24500FB0FDC /* AFURLSessionManager.h */,
				BC62790D1847F24500FB0FDC /* AFURLSessionManager.m */,
			);
			name = AFNetworking;
			path = ../shared/Vendors/AFNetworking/AFNetworking;
			sourceTree = "<group>";
		};
		BC6279171847F25000FB0FDC /* UIKit+AFNetworking */ = {
			isa = PBXGroup;
			children = (
				BC6279181847F25000FB0FDC /* AFNetworkActivityIndicatorManager.h */,
				BC6279191847F25000FB0FDC /* AFNetworkActivityIndicatorManager.m */,
				BC62791A1847F25000FB0FDC /* UIActivityIndicatorView+AFNetworking.h */,
				BC62791B1847F25000FB0FDC /* UIActivityIndicatorView+AFNetworking.m */,
				BC62791C1847F25000FB0FDC /* UIAlertView+AFNetworking.h */,
				BC62791D1847F25000FB0FDC /* UIAlertView+AFNetworking.m */,
				BC62791E1847F25000FB0FDC /* UIButton+AFNetworking.h */,
				BC62791F1847F25000FB0FDC /* UIButton+AFNetworking.m */,
				BC6279201847F25000FB0FDC /* UIImageView+AFNetworking.h */,
				BC6279211847F25000FB0FDC /* UIImageView+AFNetworking.m */,
				BC6279221847F25000FB0FDC /* UIKit+AFNetworking.h */,
				BC6279231847F25000FB0FDC /* UIProgressView+AFNetworking.h */,
				BC6279241847F25000FB0FDC /* UIProgressView+AFNetworking.m */,
				BC6279251847F25000FB0FDC /* UIWebView+AFNetworking.h */,
				BC6279261847F25000FB0FDC /* UIWebView+AFNetworking.m */,
			);
			name = "UIKit+AFNetworking";
			path = "../shared/Vendors/AFNetworking/UIKit+AFNetworking";
			sourceTree = "<group>";
		};
		BC87F10316396842001BDF87 /* Location */ = {
			isa = PBXGroup;
			children = (
				BC87F1001639683E001BDF87 /* KimaiLocationManager.h */,
				BC87F1011639683E001BDF87 /* KimaiLocationManager.m */,
			);
			name = Location;
			sourceTree = "<group>";
		};
		BC87F1421639767E001BDF87 /* KSReachability */ = {
			isa = PBXGroup;
			children = (
				BC87F1611639767E001BDF87 /* KSReachability.h */,
				BC87F1621639767E001BDF87 /* KSReachability.m */,
			);
			path = KSReachability;
			sourceTree = "<group>";
		};
		BC928ED4162C3A8200685547 = {
			isa = PBXGroup;
			children = (
				BC928EE9162C3A8200685547 /* Kimai */,
				BCA2A56C16417BB3005F4C6C /* KimaiLoginHelper */,
				BCEB9D3816EFD07D00FA6B76 /* Vendors */,
				BC928EE2162C3A8200685547 /* Frameworks */,
				BC928EE0162C3A8200685547 /* Products */,
			);
			sourceTree = "<group>";
		};
		BC928EE0162C3A8200685547 /* Products */ = {
			isa = PBXGroup;
			children = (
				BC928EDF162C3A8200685547 /* TimeTracker.app */,
				BCA2A56516417BB3005F4C6C /* TimeTrackerLoginHelper.app */,
			);
			name = Products;
			sourceTree = "<group>";
		};
		BC928EE2162C3A8200685547 /* Frameworks */ = {
			isa = PBXGroup;
			children = (
				BCA2A55A164179E1005F4C6C /* ServiceManagement.framework */,
				BC928EE6162C3A8200685547 /* AppKit.framework */,
				BC87F0DA16306DEB001BDF87 /* Security.framework */,
				BC87F0FD163967F2001BDF87 /* CoreLocation.framework */,
				BC928EE7162C3A8200685547 /* CoreData.framework */,
				BC928EE8162C3A8200685547 /* Foundation.framework */,
				BC928F31162C3FCB00685547 /* WebKit.framework */,
				BC87F18516397A85001BDF87 /* SystemConfiguration.framework */,
				BC87F19B16398291001BDF87 /* CoreWLAN.framework */,
				BC928EE3162C3A8200685547 /* Cocoa.framework */,
				BCA2A56916417BB3005F4C6C /* AppKit.framework */,
				BCA2A56A16417BB3005F4C6C /* CoreData.framework */,
				BCA2A56B16417BB3005F4C6C /* Foundation.framework */,
			);
			name = Frameworks;
			sourceTree = "<group>";
		};
		BC928EE9162C3A8200685547 /* Kimai */ = {
			isa = PBXGroup;
			children = (
				BC928EF5162C3A8200685547 /* BMAppDelegate.h */,
				BC928EF6162C3A8200685547 /* BMAppDelegate.m */,
				BCC3B0DA164EE1A400317FCE /* TransparentWindow.h */,
				BCC3B0DB164EE1A400317FCE /* TransparentWindow.m */,
				BC8BECEF165E5A9C004DAC63 /* TransparentView.h */,
				BC8BECF0165E5A9C004DAC63 /* TransparentView.m */,
				BC928EF8162C3A8200685547 /* MainMenu.xib */,
				BC928EFB162C3A8200685547 /* kimai.xcdatamodeld */,
				BCAF86101803DDFF00B82FE2 /* kimai_icons */,
				BC9815CF162F1B7B00886EBC /* Kimai */,
				BC09312216580A7200E1B87F /* MASPreferences */,
				BC87F10316396842001BDF87 /* Location */,
				BCDAC07D184B8D990064DD1B /* CalendarUtilities */,
				BCDAC076184B8D8F0064DD1B /* Database */,
				BCDAC069184B8D2B0064DD1B /* ApplicationObserver */,
				BC262DC2165045D300E974AF /* BMTimeFormatter.h */,
				BC262DC3165045D300E974AF /* BMTimeFormatter.m */,
				BC262DC6165048D500E974AF /* BMCredentials.h */,
				BC262DC7165048D500E974AF /* BMCredentials.m */,
				BCAF8608180337E300B82FE2 /* Images.xcassets */,
				BC928EEA162C3A8200685547 /* Supporting Files */,
			);
			name = Kimai;
			path = kimai;
			sourceTree = "<group>";
		};
		BC928EEA162C3A8200685547 /* Supporting Files */ = {
			isa = PBXGroup;
			children = (
				BC4DD26B1641A92A00E8F692 /* Kimai.entitlements */,
				BC928EEB162C3A8200685547 /* Kimai-Info.plist */,
				BC928EEC162C3A8200685547 /* InfoPlist.strings */,
				BC928EEF162C3A8200685547 /* main.m */,
				BC87F0B91630670A001BDF87 /* Kimai-Prefix.pch */,
				BC928EF2162C3A8200685547 /* Credits.rtf */,
			);
			name = "Supporting Files";
			sourceTree = "<group>";
		};
		BC9815CF162F1B7B00886EBC /* Kimai */ = {
			isa = PBXGroup;
			children = (
				BC9815D0162F1B7B00886EBC /* Kimai.h */,
				BC9815D1162F1B7B00886EBC /* Kimai.m */,
				BC9815D6162F228B00886EBC /* JSONObject.h */,
				BC9815D7162F228B00886EBC /* JSONObject.m */,
				BC9815D2162F1B7B00886EBC /* KimaiProject.h */,
				BC9815D3162F1B7B00886EBC /* KimaiProject.m */,
				BC9815D9162F22C000886EBC /* KimaiTask.h */,
				BC9815DA162F22C000886EBC /* KimaiTask.m */,
				BC6F4F8D163EE7C6000ACD96 /* KimaiUser.h */,
				BC6F4F8E163EE7C6000ACD96 /* KimaiUser.m */,
				BC87F09816301FFA001BDF87 /* KimaiActiveRecording.h */,
				BC87F09916301FFA001BDF87 /* KimaiActiveRecording.m */,
				BC46C8DF163DDD8A00C9520D /* KimaiTimesheetRecord.h */,
				BC46C8E0163DDD8A00C9520D /* KimaiTimesheetRecord.m */,
			);
			path = Kimai;
			sourceTree = "<group>";
		};
		BCA2A5511641799E005F4C6C /* StartAtLoginController */ = {
			isa = PBXGroup;
			children = (
				BCA2A5541641799E005F4C6C /* StartAtLoginController.h */,
				BCA2A5551641799E005F4C6C /* StartAtLoginController.m */,
			);
			path = StartAtLoginController;
			sourceTree = "<group>";
		};
		BCA2A56C16417BB3005F4C6C /* KimaiLoginHelper */ = {
			isa = PBXGroup;
			children = (
				BCA2A57816417BB3005F4C6C /* BMAppDelegate.h */,
				BCA2A57916417BB3005F4C6C /* BMAppDelegate.m */,
				BCA2A57B16417BB3005F4C6C /* MainMenu.xib */,
				BCA2A56D16417BB3005F4C6C /* Supporting Files */,
			);
			path = KimaiLoginHelper;
			sourceTree = "<group>";
		};
		BCA2A56D16417BB3005F4C6C /* Supporting Files */ = {
			isa = PBXGroup;
			children = (
				BCA2A56E16417BB3005F4C6C /* Info.plist */,
				BCA2A56F16417BB3005F4C6C /* InfoPlist.strings */,
				BCA2A57216417BB3005F4C6C /* main.m */,
				BCA2A57416417BB3005F4C6C /* KimaiLoginHelper-Prefix.pch */,
			);
			name = "Supporting Files";
			sourceTree = "<group>";
		};
		BCAF86101803DDFF00B82FE2 /* kimai_icons */ = {
			isa = PBXGroup;
			children = (
				BC41C9F8184793A40076EA3A /* kimai_logo.png */,
				BCAF86111803DDFF00B82FE2 /* stop.png */,
				BCAF86121803DDFF00B82FE2 /* stop@2x.png */,
			);
			name = kimai_icons;
			path = ../../graphics/kimai_icons;
			sourceTree = "<group>";
		};
		BCDAC069184B8D2B0064DD1B /* ApplicationObserver */ = {
			isa = PBXGroup;
			children = (
				BCDAC06A184B8D2B0064DD1B /* BMApplication.h */,
				BCDAC06B184B8D2B0064DD1B /* BMApplication.m */,
				BCDAC06C184B8D2B0064DD1B /* BMApplicationWindow.h */,
				BCDAC06D184B8D2B0064DD1B /* BMApplicationWindow.m */,
				BCDAC070184B8D2B0064DD1B /* RunningApplicationsController.h */,
				BCDAC071184B8D2B0064DD1B /* RunningApplicationsController.m */,
			);
			path = ApplicationObserver;
			sourceTree = SOURCE_ROOT;
		};
		BCDAC076184B8D8F0064DD1B /* Database */ = {
			isa = PBXGroup;
			children = (
				BCDAC078184B8D8F0064DD1B /* timetracker.xcdatamodeld */,
			);
			path = Database;
			sourceTree = SOURCE_ROOT;
		};
		BCDAC07D184B8D990064DD1B /* CalendarUtilities */ = {
			isa = PBXGroup;
			children = (
				BCDAC07E184B8D990064DD1B /* BMiCalExport.h */,
				BCDAC07F184B8D990064DD1B /* BMiCalExport.m */,
			);
			path = CalendarUtilities;
			sourceTree = SOURCE_ROOT;
		};
		BCEB9D3816EFD07D00FA6B76 /* Vendors */ = {
			isa = PBXGroup;
			children = (
				BC6279171847F25000FB0FDC /* UIKit+AFNetworking */,
				BC6278FA1847F24500FB0FDC /* AFNetworking */,
				BCA2A5511641799E005F4C6C /* StartAtLoginController */,
				BC87F1421639767E001BDF87 /* KSReachability */,
				BC35792B162DC10600F1BFAE /* DSJSONRPC */,
				BC4B4D34162DC467000AE55E /* JSONKit */,
				BC3AC58F164BB83500794C05 /* sskeychain */,
			);
			name = Vendors;
			sourceTree = "<group>";
		};
/* End PBXGroup section */

/* Begin PBXNativeTarget section */
		BC928EDE162C3A8200685547 /* TimeTracker */ = {
			isa = PBXNativeTarget;
			buildConfigurationList = BC928F00162C3A8200685547 /* Build configuration list for PBXNativeTarget "TimeTracker" */;
			buildPhases = (
				BC928EDB162C3A8200685547 /* Sources */,
				BC928EDC162C3A8200685547 /* Frameworks */,
				BC928EDD162C3A8200685547 /* Resources */,
				BCA2A58116417BCC005F4C6C /* CopyFiles */,
			);
			buildRules = (
			);
			dependencies = (
			);
			name = TimeTracker;
			productName = kimai;
			productReference = BC928EDF162C3A8200685547 /* TimeTracker.app */;
			productType = "com.apple.product-type.application";
		};
		BCA2A56416417BB3005F4C6C /* TimeTrackerLoginHelper */ = {
			isa = PBXNativeTarget;
			buildConfigurationList = BCA2A57E16417BB3005F4C6C /* Build configuration list for PBXNativeTarget "TimeTrackerLoginHelper" */;
			buildPhases = (
				BCA2A56116417BB3005F4C6C /* Sources */,
				BCA2A56216417BB3005F4C6C /* Frameworks */,
				BCA2A56316417BB3005F4C6C /* Resources */,
			);
			buildRules = (
			);
			dependencies = (
			);
			name = TimeTrackerLoginHelper;
			productName = KimaiLoginHelper;
			productReference = BCA2A56516417BB3005F4C6C /* TimeTrackerLoginHelper.app */;
			productType = "com.apple.product-type.application";
		};
/* End PBXNativeTarget section */

/* Begin PBXProject section */
		BC928ED6162C3A8200685547 /* Project object */ = {
			isa = PBXProject;
			attributes = {
				LastUpgradeCheck = 0500;
				ORGANIZATIONNAME = "blockhaus medienagentur";
				TargetAttributes = {
					BC928EDE162C3A8200685547 = {
						DevelopmentTeam = T2TK462TB3;
						SystemCapabilities = {
							com.apple.Sandbox = {
								enabled = 0;
							};
						};
					};
					BCA2A56416417BB3005F4C6C = {
						DevelopmentTeam = T2TK462TB3;
					};
				};
			};
			buildConfigurationList = BC928ED9162C3A8200685547 /* Build configuration list for PBXProject "TimeTracker-MacOS" */;
			compatibilityVersion = "Xcode 3.2";
			developmentRegion = English;
			hasScannedForEncodings = 0;
			knownRegions = (
				en,
				English,
				Danish,
				Dutch,
			);
			mainGroup = BC928ED4162C3A8200685547;
			productRefGroup = BC928EE0162C3A8200685547 /* Products */;
			projectDirPath = "";
			projectRoot = "";
			targets = (
				BC928EDE162C3A8200685547 /* TimeTracker */,
				BCA2A56416417BB3005F4C6C /* TimeTrackerLoginHelper */,
			);
		};
/* End PBXProject section */

/* Begin PBXResourcesBuildPhase section */
		BC928EDD162C3A8200685547 /* Resources */ = {
			isa = PBXResourcesBuildPhase;
			buildActionMask = 2147483647;
			files = (
				BC928EEE162C3A8200685547 /* InfoPlist.strings in Resources */,
				BCAF86131803DDFF00B82FE2 /* stop.png in Resources */,
				BC928EF4162C3A8200685547 /* Credits.rtf in Resources */,
				BC41C9F9184793A40076EA3A /* kimai_logo.png in Resources */,
				BC928EFA162C3A8200685547 /* MainMenu.xib in Resources */,
				BCAF8609180337E300B82FE2 /* Images.xcassets in Resources */,
				BC09312A16580A7200E1B87F /* MASPreferencesWindow.xib in Resources */,
				BCAF86141803DDFF00B82FE2 /* stop@2x.png in Resources */,
				BC09315516580B2900E1B87F /* AdvancedPreferencesView.xib in Resources */,
				BC093170165821FF00E1B87F /* GeneralPreferencesViewController.xib in Resources */,
			);
			runOnlyForDeploymentPostprocessing = 0;
		};
		BCA2A56316417BB3005F4C6C /* Resources */ = {
			isa = PBXResourcesBuildPhase;
			buildActionMask = 2147483647;
			files = (
				BCA2A57116417BB3005F4C6C /* InfoPlist.strings in Resources */,
				BCA2A57D16417BB3005F4C6C /* MainMenu.xib in Resources */,
			);
			runOnlyForDeploymentPostprocessing = 0;
		};
/* End PBXResourcesBuildPhase section */

/* Begin PBXSourcesBuildPhase section */
		BC928EDB162C3A8200685547 /* Sources */ = {
			isa = PBXSourcesBuildPhase;
			buildActionMask = 2147483647;
			files = (
				BC62790E1847F24500FB0FDC /* AFHTTPRequestOperation.m in Sources */,
				BC928EF0162C3A8200685547 /* main.m in Sources */,
				BC928EF7162C3A8200685547 /* BMAppDelegate.m in Sources */,
				BC928EFD162C3A8200685547 /* kimai.xcdatamodeld in Sources */,
				BC357933162DC10600F1BFAE /* DSJSONRPC.m in Sources */,
				BC357934162DC10600F1BFAE /* DSJSONRPCError.m in Sources */,
				BC6279101847F24500FB0FDC /* AFHTTPSessionManager.m in Sources */,
				BC4B4D3A162DC467000AE55E /* JSONKit.m in Sources */,
				BC6279271847F25000FB0FDC /* AFNetworkActivityIndicatorManager.m in Sources */,
				BC9815D4162F1B7B00886EBC /* Kimai.m in Sources */,
				BCDAC07C184B8D8F0064DD1B /* timetracker.xcdatamodeld in Sources */,
				BC9815D5162F1B7B00886EBC /* KimaiProject.m in Sources */,
				BC62792B1847F25000FB0FDC /* UIImageView+AFNetworking.m in Sources */,
				BC62792A1847F25000FB0FDC /* UIButton+AFNetworking.m in Sources */,
				BC6279281847F25000FB0FDC /* UIActivityIndicatorView+AFNetworking.m in Sources */,
				BC6279161847F24500FB0FDC /* AFURLSessionManager.m in Sources */,
				BC9815D8162F228B00886EBC /* JSONObject.m in Sources */,
				BC6279121847F24500FB0FDC /* AFSecurityPolicy.m in Sources */,
				BC6279151847F24500FB0FDC /* AFURLResponseSerialization.m in Sources */,
				BC62792C1847F25000FB0FDC /* UIProgressView+AFNetworking.m in Sources */,
				BC9815DB162F22C100886EBC /* KimaiTask.m in Sources */,
				BC87F09A16301FFA001BDF87 /* KimaiActiveRecording.m in Sources */,
				BCDAC072184B8D2B0064DD1B /* BMApplication.m in Sources */,
				BCDAC075184B8D2B0064DD1B /* RunningApplicationsController.m in Sources */,
				BC87F1021639683E001BDF87 /* KimaiLocationManager.m in Sources */,
				BC6279131847F24500FB0FDC /* AFURLConnectionOperation.m in Sources */,
				BC87F1771639767E001BDF87 /* KSReachability.m in Sources */,
				BC6279291847F25000FB0FDC /* UIAlertView+AFNetworking.m in Sources */,
				BC6279141847F24500FB0FDC /* AFURLRequestSerialization.m in Sources */,
				BC46C8E1163DDD8A00C9520D /* KimaiTimesheetRecord.m in Sources */,
				BC6F4F8F163EE7C6000ACD96 /* KimaiUser.m in Sources */,
				BCDAC073184B8D2B0064DD1B /* BMApplicationWindow.m in Sources */,
				BCA2A5581641799E005F4C6C /* StartAtLoginController.m in Sources */,
				BCDAC080184B8D990064DD1B /* BMiCalExport.m in Sources */,
				BC62790F1847F24500FB0FDC /* AFHTTPRequestOperationManager.m in Sources */,
				BC3AC5A8164BB83500794C05 /* SSKeychain.m in Sources */,
				BCC3B0DC164EE1A400317FCE /* TransparentWindow.m in Sources */,
				BC6279111847F24500FB0FDC /* AFNetworkReachabilityManager.m in Sources */,
				BC262DC4165045D300E974AF /* BMTimeFormatter.m in Sources */,
				BC262DC8165048D500E974AF /* BMCredentials.m in Sources */,
				BC09312B16580A7200E1B87F /* MASPreferencesWindowController.m in Sources */,
				BC62792D1847F25000FB0FDC /* UIWebView+AFNetworking.m in Sources */,
				BC09315616580B2900E1B87F /* AccountPreferencesViewController.m in Sources */,
				BC09315B16580B2900E1B87F /* GeneralPreferencesViewController.m in Sources */,
				BC8BECF1165E5A9C004DAC63 /* TransparentView.m in Sources */,
			);
			runOnlyForDeploymentPostprocessing = 0;
		};
		BCA2A56116417BB3005F4C6C /* Sources */ = {
			isa = PBXSourcesBuildPhase;
			buildActionMask = 2147483647;
			files = (
				BCA2A57316417BB3005F4C6C /* main.m in Sources */,
				BCA2A57A16417BB3005F4C6C /* BMAppDelegate.m in Sources */,
			);
			runOnlyForDeploymentPostprocessing = 0;
		};
/* End PBXSourcesBuildPhase section */

/* Begin PBXVariantGroup section */
		BC928EEC162C3A8200685547 /* InfoPlist.strings */ = {
			isa = PBXVariantGroup;
			children = (
				BC928EED162C3A8200685547 /* en */,
			);
			name = InfoPlist.strings;
			sourceTree = "<group>";
		};
		BC928EF2162C3A8200685547 /* Credits.rtf */ = {
			isa = PBXVariantGroup;
			children = (
				BC928EF3162C3A8200685547 /* en */,
			);
			name = Credits.rtf;
			sourceTree = "<group>";
		};
		BC928EF8162C3A8200685547 /* MainMenu.xib */ = {
			isa = PBXVariantGroup;
			children = (
				BC928EF9162C3A8200685547 /* en */,
			);
			name = MainMenu.xib;
			sourceTree = "<group>";
		};
		BCA2A56F16417BB3005F4C6C /* InfoPlist.strings */ = {
			isa = PBXVariantGroup;
			children = (
				BCA2A57016417BB3005F4C6C /* en */,
			);
			name = InfoPlist.strings;
			sourceTree = "<group>";
		};
		BCA2A57B16417BB3005F4C6C /* MainMenu.xib */ = {
			isa = PBXVariantGroup;
			children = (
				BCA2A57C16417BB3005F4C6C /* en */,
			);
			name = MainMenu.xib;
			sourceTree = "<group>";
		};
/* End PBXVariantGroup section */

/* Begin XCBuildConfiguration section */
		BC928EFE162C3A8200685547 /* Debug */ = {
			isa = XCBuildConfiguration;
			buildSettings = {
				ALWAYS_SEARCH_USER_PATHS = NO;
				CLANG_CXX_LANGUAGE_STANDARD = "gnu++0x";
				CLANG_CXX_LIBRARY = "libc++";
				CLANG_ENABLE_OBJC_ARC = YES;
				CLANG_WARN_EMPTY_BODY = YES;
				CLANG_WARN__DUPLICATE_METHOD_MATCH = YES;
				CODE_SIGN_IDENTITY = "Mac Developer: Michael Degn (U264746583)";
				COPY_PHASE_STRIP = NO;
				GCC_C_LANGUAGE_STANDARD = gnu99;
				GCC_DYNAMIC_NO_PIC = NO;
				GCC_ENABLE_OBJC_EXCEPTIONS = YES;
				GCC_OPTIMIZATION_LEVEL = 0;
				GCC_PREPROCESSOR_DEFINITIONS = (
					"DEBUG=1",
					"$(inherited)",
				);
				GCC_SYMBOLS_PRIVATE_EXTERN = NO;
				GCC_WARN_64_TO_32_BIT_CONVERSION = YES;
				GCC_WARN_ABOUT_RETURN_TYPE = YES;
				GCC_WARN_UNINITIALIZED_AUTOS = YES;
				GCC_WARN_UNUSED_VARIABLE = YES;
				MACOSX_DEPLOYMENT_TARGET = 10.8;
				ONLY_ACTIVE_ARCH = YES;
				PROVISIONING_PROFILE = "9E85784F-EAAB-49F6-96C6-515D6D424244";
				SDKROOT = macosx;
			};
			name = Debug;
		};
		BC928EFF162C3A8200685547 /* Release */ = {
			isa = XCBuildConfiguration;
			buildSettings = {
				ALWAYS_SEARCH_USER_PATHS = NO;
				CLANG_CXX_LANGUAGE_STANDARD = "gnu++0x";
				CLANG_CXX_LIBRARY = "libc++";
				CLANG_ENABLE_OBJC_ARC = YES;
				CLANG_WARN_EMPTY_BODY = YES;
				CLANG_WARN__DUPLICATE_METHOD_MATCH = YES;
				CODE_SIGN_IDENTITY = "3rd Party Mac Developer Application: blockhaus medienagentur OG";
				COPY_PHASE_STRIP = YES;
				DEBUG_INFORMATION_FORMAT = "dwarf-with-dsym";
				GCC_C_LANGUAGE_STANDARD = gnu99;
				GCC_ENABLE_OBJC_EXCEPTIONS = YES;
				GCC_WARN_64_TO_32_BIT_CONVERSION = YES;
				GCC_WARN_ABOUT_RETURN_TYPE = YES;
				GCC_WARN_UNINITIALIZED_AUTOS = YES;
				GCC_WARN_UNUSED_VARIABLE = YES;
				MACOSX_DEPLOYMENT_TARGET = 10.8;
				PROVISIONING_PROFILE = "7261BA16-0D21-4A44-AF53-08D49AEB2C1D";
				SDKROOT = macosx;
			};
			name = Release;
		};
		BC928F01162C3A8200685547 /* Debug */ = {
			isa = XCBuildConfiguration;
			buildSettings = {
				ASSETCATALOG_COMPILER_APPICON_NAME = AppIcon;
				CODE_SIGN_IDENTITY = "Mac Developer: Michael Degn (U264746583)";
				COMBINE_HIDPI_IMAGES = YES;
				FRAMEWORK_SEARCH_PATHS = (
					"$(inherited)",
					"\"$(CONFIGURATION_BUILD_DIR)/$(CONTENTS_FOLDER_PATH)/Frameworks\"",
				);
				GCC_PRECOMPILE_PREFIX_HEADER = YES;
				GCC_PREFIX_HEADER = "kimai/Kimai-Prefix.pch";
				INFOPLIST_FILE = "$(SRCROOT)/kimai/Kimai-Info.plist";
				MACOSX_DEPLOYMENT_TARGET = 10.9;
				PRODUCT_NAME = TimeTracker;
				WRAPPER_EXTENSION = app;
			};
			name = Debug;
		};
		BC928F02162C3A8200685547 /* Release */ = {
			isa = XCBuildConfiguration;
			buildSettings = {
				ASSETCATALOG_COMPILER_APPICON_NAME = AppIcon;
				CODE_SIGN_IDENTITY = "3rd Party Mac Developer Application: blockhaus medienagentur OG";
				COMBINE_HIDPI_IMAGES = YES;
				COPY_PHASE_STRIP = NO;
				FRAMEWORK_SEARCH_PATHS = (
					"$(inherited)",
					"\"$(CONFIGURATION_BUILD_DIR)/$(CONTENTS_FOLDER_PATH)/Frameworks\"",
				);
				GCC_PRECOMPILE_PREFIX_HEADER = YES;
				GCC_PREFIX_HEADER = "kimai/Kimai-Prefix.pch";
				INFOPLIST_FILE = "$(SRCROOT)/kimai/Kimai-Info.plist";
				MACOSX_DEPLOYMENT_TARGET = 10.9;
				PRODUCT_NAME = TimeTracker;
				WRAPPER_EXTENSION = app;
			};
			name = Release;
		};
		BCA2A57F16417BB3005F4C6C /* Debug */ = {
			isa = XCBuildConfiguration;
			buildSettings = {
				CODE_SIGN_ENTITLEMENTS = Kimai/Kimai.entitlements;
				COMBINE_HIDPI_IMAGES = YES;
				GCC_PRECOMPILE_PREFIX_HEADER = YES;
				GCC_PREFIX_HEADER = "KimaiLoginHelper/KimaiLoginHelper-Prefix.pch";
				INFOPLIST_FILE = KimaiLoginHelper/Info.plist;
				MACOSX_DEPLOYMENT_TARGET = 10.7;
				PRODUCT_NAME = "$(TARGET_NAME)";
				PROVISIONING_PROFILE = "";
				SKIP_INSTALL = YES;
				WRAPPER_EXTENSION = app;
			};
			name = Debug;
		};
		BCA2A58016417BB3005F4C6C /* Release */ = {
			isa = XCBuildConfiguration;
			buildSettings = {
				CODE_SIGN_ENTITLEMENTS = Kimai/Kimai.entitlements;
				COMBINE_HIDPI_IMAGES = YES;
				GCC_PRECOMPILE_PREFIX_HEADER = YES;
				GCC_PREFIX_HEADER = "KimaiLoginHelper/KimaiLoginHelper-Prefix.pch";
				INFOPLIST_FILE = KimaiLoginHelper/Info.plist;
				MACOSX_DEPLOYMENT_TARGET = 10.7;
				PRODUCT_NAME = "$(TARGET_NAME)";
				PROVISIONING_PROFILE = "";
				SKIP_INSTALL = YES;
				WRAPPER_EXTENSION = app;
			};
			name = Release;
		};
/* End XCBuildConfiguration section */

/* Begin XCConfigurationList section */
		BC928ED9162C3A8200685547 /* Build configuration list for PBXProject "TimeTracker-MacOS" */ = {
			isa = XCConfigurationList;
			buildConfigurations = (
				BC928EFE162C3A8200685547 /* Debug */,
				BC928EFF162C3A8200685547 /* Release */,
			);
			defaultConfigurationIsVisible = 0;
			defaultConfigurationName = Release;
		};
		BC928F00162C3A8200685547 /* Build configuration list for PBXNativeTarget "TimeTracker" */ = {
			isa = XCConfigurationList;
			buildConfigurations = (
				BC928F01162C3A8200685547 /* Debug */,
				BC928F02162C3A8200685547 /* Release */,
			);
			defaultConfigurationIsVisible = 0;
			defaultConfigurationName = Release;
		};
		BCA2A57E16417BB3005F4C6C /* Build configuration list for PBXNativeTarget "TimeTrackerLoginHelper" */ = {
			isa = XCConfigurationList;
			buildConfigurations = (
				BCA2A57F16417BB3005F4C6C /* Debug */,
				BCA2A58016417BB3005F4C6C /* Release */,
			);
			defaultConfigurationIsVisible = 0;
			defaultConfigurationName = Release;
		};
/* End XCConfigurationList section */

/* Begin XCVersionGroup section */
		BC928EFB162C3A8200685547 /* kimai.xcdatamodeld */ = {
			isa = XCVersionGroup;
			children = (
				BC928EFC162C3A8200685547 /* kimai.xcdatamodel */,
			);
			currentVersion = BC928EFC162C3A8200685547 /* kimai.xcdatamodel */;
			path = kimai.xcdatamodeld;
			sourceTree = "<group>";
			versionGroupType = wrapper.xcdatamodel;
		};
		BCDAC078184B8D8F0064DD1B /* timetracker.xcdatamodeld */ = {
			isa = XCVersionGroup;
			children = (
				BCDAC079184B8D8F0064DD1B /* v1.xcdatamodel */,
				BCDAC07A184B8D8F0064DD1B /* v2.xcdatamodel */,
			);
			currentVersion = BCDAC07A184B8D8F0064DD1B /* v2.xcdatamodel */;
			path = timetracker.xcdatamodeld;
			sourceTree = "<group>";
			versionGroupType = wrapper.xcdatamodel;
		};
/* End XCVersionGroup section */
	};
	rootObject = BC928ED6162C3A8200685547 /* Project object */;
}
